{
  "version": 4,
  "terraform_version": "0.12.13",
  "serial": 9,
  "lineage": "a5d4c7aa-2e9e-b5e5-503a-f49db4783577",
  "outputs": {},
  "resources": [
    {
      "module": "module.example_elb",
      "mode": "data",
      "type": "aws_subnet_ids",
      "name": "default",
      "provider": "module.example_elb.provider.aws",
      "instances": [
        {
          "schema_version": 0,
          "attributes": {
            "filter": null,
            "id": "vpc-cbc43aa1",
            "ids": [
              "subnet-1c706c61",
              "subnet-5151f73b",
              "subnet-deb15292"
            ],
            "tags": null,
            "vpc_id": "vpc-cbc43aa1"
          },
          "depends_on": [
            "data.aws_vpc.default"
          ]
        }
      ]
    },
    {
      "module": "module.example_elb",
      "mode": "data",
      "type": "aws_vpc",
      "name": "default",
      "provider": "module.example_elb.provider.aws",
      "instances": [
        {
          "schema_version": 0,
          "attributes": {
            "arn": "arn:aws:ec2:eu-central-1:143963637099:vpc/vpc-cbc43aa1",
            "cidr_block": "172.31.0.0/16",
            "cidr_block_associations": [
              {
                "association_id": "vpc-cidr-assoc-af18d6c4",
                "cidr_block": "172.31.0.0/16",
                "state": "associated"
              }
            ],
            "default": true,
            "dhcp_options_id": "dopt-6015eb0a",
            "enable_dns_hostnames": true,
            "enable_dns_support": true,
            "filter": null,
            "id": "vpc-cbc43aa1",
            "instance_tenancy": "default",
            "ipv6_association_id": null,
            "ipv6_cidr_block": null,
            "main_route_table_id": "rtb-d79bebbd",
            "owner_id": "143963637099",
            "state": "available",
            "tags": {}
          }
        }
      ]
    },
    {
      "module": "module.example_elb",
      "mode": "managed",
      "type": "aws_autoscaling_group",
      "name": "example",
      "provider": "module.example_elb.provider.aws",
      "instances": [
        {
          "schema_version": 0,
          "attributes": {
            "arn": "arn:aws:autoscaling:eu-central-1:143963637099:autoScalingGroup:018e1100-b202-4438-b9af-e98a5fb278d7:autoScalingGroupName/tf-asg-20191107134905291200000002",
            "availability_zones": [
              "eu-central-1a",
              "eu-central-1b",
              "eu-central-1c"
            ],
            "default_cooldown": 300,
            "desired_capacity": 1,
            "enabled_metrics": null,
            "force_delete": false,
            "health_check_grace_period": 300,
            "health_check_type": "ELB",
            "id": "tf-asg-20191107134905291200000002",
            "initial_lifecycle_hook": [],
            "launch_configuration": "terraform-20191107134904909400000001",
            "launch_template": [],
            "load_balancers": [],
            "max_size": 3,
            "metrics_granularity": "1Minute",
            "min_elb_capacity": null,
            "min_size": 1,
            "mixed_instances_policy": [],
            "name": "tf-asg-20191107134905291200000002",
            "name_prefix": null,
            "placement_group": "",
            "protect_from_scale_in": false,
            "service_linked_role_arn": "arn:aws:iam::143963637099:role/aws-service-role/autoscaling.amazonaws.com/AWSServiceRoleForAutoScaling",
            "suspended_processes": null,
            "tag": [
              {
                "key": "Name",
                "propagate_at_launch": true,
                "value": "terraform-asg-wordpress-jan"
              }
            ],
            "tags": null,
            "target_group_arns": [
              "arn:aws:elasticloadbalancing:eu-central-1:143963637099:targetgroup/terraform-asg-example-jan/24bc27d37e8c6f23"
            ],
            "termination_policies": null,
            "timeouts": null,
            "vpc_zone_identifier": [
              "subnet-1c706c61",
              "subnet-5151f73b",
              "subnet-deb15292"
            ],
            "wait_for_capacity_timeout": "10m",
            "wait_for_elb_capacity": null
          },
          "private": "eyJlMmJmYjczMC1lY2FhLTExZTYtOGY4OC0zNDM2M2JjN2M0YzAiOnsiZGVsZXRlIjo2MDAwMDAwMDAwMDB9fQ==",
          "depends_on": [
            "aws_launch_configuration.example",
            "aws_lb_target_group.asg",
            "data.aws_subnet_ids.default"
          ]
        }
      ]
    },
    {
      "module": "module.example_elb",
      "mode": "managed",
      "type": "aws_launch_configuration",
      "name": "example",
      "provider": "module.example_elb.provider.aws",
      "instances": [
        {
          "schema_version": 0,
          "attributes": {
            "associate_public_ip_address": false,
            "ebs_block_device": [],
            "ebs_optimized": false,
            "enable_monitoring": true,
            "ephemeral_block_device": [],
            "iam_instance_profile": "",
            "id": "terraform-20191107134904909400000001",
            "image_id": "ami-01e8fb9918c3b3eb2",
            "instance_type": "t2.micro",
            "key_name": "",
            "name": "terraform-20191107134904909400000001",
            "name_prefix": null,
            "placement_tenancy": null,
            "root_block_device": [],
            "security_groups": [
              "sg-025cdad0667a9255e"
            ],
            "spot_price": "",
            "user_data": null,
            "user_data_base64": null,
            "vpc_classic_link_id": "",
            "vpc_classic_link_security_groups": null
          },
          "private": "bnVsbA==",
          "depends_on": [
            "aws_security_group.instance"
          ]
        }
      ]
    },
    {
      "module": "module.example_elb",
      "mode": "managed",
      "type": "aws_lb",
      "name": "example",
      "provider": "module.example_elb.provider.aws",
      "instances": [
        {
          "schema_version": 0,
          "attributes": {
            "access_logs": [
              {
                "bucket": "",
                "enabled": false,
                "prefix": ""
              }
            ],
            "arn": "arn:aws:elasticloadbalancing:eu-central-1:143963637099:loadbalancer/app/terraform-asg-wordpress-lb-jan/5cf98f41971d7361",
            "arn_suffix": "app/terraform-asg-wordpress-lb-jan/5cf98f41971d7361",
            "dns_name": "terraform-asg-wordpress-lb-jan-1918005830.eu-central-1.elb.amazonaws.com",
            "enable_cross_zone_load_balancing": null,
            "enable_deletion_protection": false,
            "enable_http2": true,
            "id": "arn:aws:elasticloadbalancing:eu-central-1:143963637099:loadbalancer/app/terraform-asg-wordpress-lb-jan/5cf98f41971d7361",
            "idle_timeout": 60,
            "internal": false,
            "ip_address_type": "ipv4",
            "load_balancer_type": "application",
            "name": "terraform-asg-wordpress-lb-jan",
            "name_prefix": null,
            "security_groups": [
              "sg-0277a4a3f43d54997"
            ],
            "subnet_mapping": [
              {
                "allocation_id": "",
                "subnet_id": "subnet-1c706c61"
              },
              {
                "allocation_id": "",
                "subnet_id": "subnet-5151f73b"
              },
              {
                "allocation_id": "",
                "subnet_id": "subnet-deb15292"
              }
            ],
            "subnets": [
              "subnet-1c706c61",
              "subnet-5151f73b",
              "subnet-deb15292"
            ],
            "tags": null,
            "timeouts": null,
            "vpc_id": "vpc-cbc43aa1",
            "zone_id": "Z215JYRZR1TBD5"
          },
          "private": "eyJlMmJmYjczMC1lY2FhLTExZTYtOGY4OC0zNDM2M2JjN2M0YzAiOnsiY3JlYXRlIjo2MDAwMDAwMDAwMDAsImRlbGV0ZSI6NjAwMDAwMDAwMDAwLCJ1cGRhdGUiOjYwMDAwMDAwMDAwMH19",
          "depends_on": [
            "aws_security_group.alb",
            "data.aws_subnet_ids.default"
          ]
        }
      ]
    },
    {
      "module": "module.example_elb",
      "mode": "managed",
      "type": "aws_lb_listener",
      "name": "http",
      "provider": "module.example_elb.provider.aws",
      "instances": [
        {
          "schema_version": 0,
          "attributes": {
            "arn": "arn:aws:elasticloadbalancing:eu-central-1:143963637099:listener/app/terraform-asg-wordpress-lb-jan/5cf98f41971d7361/dbe2cc6f90fdc9ec",
            "certificate_arn": null,
            "default_action": [
              {
                "authenticate_cognito": [],
                "authenticate_oidc": [],
                "fixed_response": [
                  {
                    "content_type": "text/plain",
                    "message_body": "404: page not found",
                    "status_code": "404"
                  }
                ],
                "order": 1,
                "redirect": [],
                "target_group_arn": "",
                "type": "fixed-response"
              }
            ],
            "id": "arn:aws:elasticloadbalancing:eu-central-1:143963637099:listener/app/terraform-asg-wordpress-lb-jan/5cf98f41971d7361/dbe2cc6f90fdc9ec",
            "load_balancer_arn": "arn:aws:elasticloadbalancing:eu-central-1:143963637099:loadbalancer/app/terraform-asg-wordpress-lb-jan/5cf98f41971d7361",
            "port": 80,
            "protocol": "HTTP",
            "ssl_policy": "",
            "timeouts": null
          },
          "private": "eyJlMmJmYjczMC1lY2FhLTExZTYtOGY4OC0zNDM2M2JjN2M0YzAiOnsicmVhZCI6NjAwMDAwMDAwMDAwfX0=",
          "depends_on": [
            "aws_lb.example"
          ]
        }
      ]
    },
    {
      "module": "module.example_elb",
      "mode": "managed",
      "type": "aws_lb_listener_rule",
      "name": "asg",
      "provider": "module.example_elb.provider.aws",
      "instances": [
        {
          "schema_version": 0,
          "attributes": {
            "action": [
              {
                "authenticate_cognito": [],
                "authenticate_oidc": [],
                "fixed_response": [],
                "order": 1,
                "redirect": [],
                "target_group_arn": "arn:aws:elasticloadbalancing:eu-central-1:143963637099:targetgroup/terraform-asg-example-jan/24bc27d37e8c6f23",
                "type": "forward"
              }
            ],
            "arn": "arn:aws:elasticloadbalancing:eu-central-1:143963637099:listener-rule/app/terraform-asg-wordpress-lb-jan/5cf98f41971d7361/dbe2cc6f90fdc9ec/bec6f9aac55aecf1",
            "condition": [
              {
                "field": "path-pattern",
                "values": [
                  "*"
                ]
              }
            ],
            "id": "arn:aws:elasticloadbalancing:eu-central-1:143963637099:listener-rule/app/terraform-asg-wordpress-lb-jan/5cf98f41971d7361/dbe2cc6f90fdc9ec/bec6f9aac55aecf1",
            "listener_arn": "arn:aws:elasticloadbalancing:eu-central-1:143963637099:listener/app/terraform-asg-wordpress-lb-jan/5cf98f41971d7361/dbe2cc6f90fdc9ec",
            "priority": 100
          },
          "private": "bnVsbA==",
          "depends_on": [
            "aws_lb_listener.http",
            "aws_lb_target_group.asg"
          ]
        }
      ]
    },
    {
      "module": "module.example_elb",
      "mode": "managed",
      "type": "aws_lb_target_group",
      "name": "asg",
      "provider": "module.example_elb.provider.aws",
      "instances": [
        {
          "schema_version": 0,
          "attributes": {
            "arn": "arn:aws:elasticloadbalancing:eu-central-1:143963637099:targetgroup/terraform-asg-example-jan/24bc27d37e8c6f23",
            "arn_suffix": "targetgroup/terraform-asg-example-jan/24bc27d37e8c6f23",
            "deregistration_delay": 300,
            "health_check": [
              {
                "enabled": true,
                "healthy_threshold": 2,
                "interval": 15,
                "matcher": "200",
                "path": "/",
                "port": "traffic-port",
                "protocol": "HTTP",
                "timeout": 3,
                "unhealthy_threshold": 2
              }
            ],
            "id": "arn:aws:elasticloadbalancing:eu-central-1:143963637099:targetgroup/terraform-asg-example-jan/24bc27d37e8c6f23",
            "lambda_multi_value_headers_enabled": false,
            "name": "terraform-asg-example-jan",
            "name_prefix": null,
            "port": 80,
            "protocol": "HTTP",
            "proxy_protocol_v2": false,
            "slow_start": 0,
            "stickiness": [
              {
                "cookie_duration": 86400,
                "enabled": false,
                "type": "lb_cookie"
              }
            ],
            "tags": null,
            "target_type": "instance",
            "vpc_id": "vpc-cbc43aa1"
          },
          "private": "bnVsbA==",
          "depends_on": [
            "data.aws_vpc.default"
          ]
        }
      ]
    },
    {
      "module": "module.example_elb",
      "mode": "managed",
      "type": "aws_security_group",
      "name": "alb",
      "provider": "module.example_elb.provider.aws",
      "instances": [
        {
          "schema_version": 1,
          "attributes": {
            "arn": "arn:aws:ec2:eu-central-1:143963637099:security-group/sg-0277a4a3f43d54997",
            "description": "Managed by Terraform",
            "egress": [
              {
                "cidr_blocks": [
                  "0.0.0.0/0"
                ],
                "description": "",
                "from_port": 0,
                "ipv6_cidr_blocks": [],
                "prefix_list_ids": [],
                "protocol": "-1",
                "security_groups": [],
                "self": false,
                "to_port": 0
              }
            ],
            "id": "sg-0277a4a3f43d54997",
            "ingress": [
              {
                "cidr_blocks": [
                  "0.0.0.0/0"
                ],
                "description": "",
                "from_port": 80,
                "ipv6_cidr_blocks": [],
                "prefix_list_ids": [],
                "protocol": "tcp",
                "security_groups": [],
                "self": false,
                "to_port": 80
              }
            ],
            "name": "terraform-example-alb-jan",
            "name_prefix": null,
            "owner_id": "143963637099",
            "revoke_rules_on_delete": false,
            "tags": null,
            "timeouts": null,
            "vpc_id": "vpc-cbc43aa1"
          },
          "private": "eyJlMmJmYjczMC1lY2FhLTExZTYtOGY4OC0zNDM2M2JjN2M0YzAiOnsiY3JlYXRlIjo2MDAwMDAwMDAwMDAsImRlbGV0ZSI6NjAwMDAwMDAwMDAwfSwic2NoZW1hX3ZlcnNpb24iOiIxIn0="
        }
      ]
    },
    {
      "module": "module.example_elb",
      "mode": "managed",
      "type": "aws_security_group",
      "name": "instance",
      "provider": "module.example_elb.provider.aws",
      "instances": [
        {
          "schema_version": 1,
          "attributes": {
            "arn": "arn:aws:ec2:eu-central-1:143963637099:security-group/sg-025cdad0667a9255e",
            "description": "Managed by Terraform",
            "egress": [],
            "id": "sg-025cdad0667a9255e",
            "ingress": [
              {
                "cidr_blocks": [
                  "0.0.0.0/0"
                ],
                "description": "",
                "from_port": 80,
                "ipv6_cidr_blocks": [],
                "prefix_list_ids": [],
                "protocol": "tcp",
                "security_groups": [],
                "self": false,
                "to_port": 80
              }
            ],
            "name": "terraform-example-instance-jan",
            "name_prefix": null,
            "owner_id": "143963637099",
            "revoke_rules_on_delete": false,
            "tags": null,
            "timeouts": null,
            "vpc_id": "vpc-cbc43aa1"
          },
          "private": "eyJlMmJmYjczMC1lY2FhLTExZTYtOGY4OC0zNDM2M2JjN2M0YzAiOnsiY3JlYXRlIjo2MDAwMDAwMDAwMDAsImRlbGV0ZSI6NjAwMDAwMDAwMDAwfSwic2NoZW1hX3ZlcnNpb24iOiIxIn0="
        }
      ]
    }
  ]
}
