{
  "version": 4,
  "terraform_version": "0.12.13",
  "serial": 138,
  "lineage": "ac3d8b36-8fd5-628a-2c76-aadde367b567",
  "outputs": {
    "website_url": {
      "value": "terraformjanswebsite.s3-website.eu-central-1.amazonaws.com",
      "type": "string"
    }
  },
  "resources": [
    {
      "mode": "managed",
      "type": "aws_s3_bucket",
      "name": "jans-website-logging-bucket",
      "provider": "provider.aws",
      "instances": [
        {
          "schema_version": 0,
          "attributes": {
            "acceleration_status": "",
            "acl": "log-delivery-write",
            "arn": "arn:aws:s3:::jans-website-logging-bucket",
            "bucket": "jans-website-logging-bucket",
            "bucket_domain_name": "jans-website-logging-bucket.s3.amazonaws.com",
            "bucket_prefix": null,
            "bucket_regional_domain_name": "jans-website-logging-bucket.s3.eu-central-1.amazonaws.com",
            "cors_rule": [],
            "force_destroy": true,
            "hosted_zone_id": "Z21DNDUVLTQW6Q",
            "id": "jans-website-logging-bucket",
            "lifecycle_rule": [],
            "logging": [],
            "object_lock_configuration": [],
            "policy": null,
            "region": "eu-central-1",
            "replication_configuration": [],
            "request_payer": "BucketOwner",
            "server_side_encryption_configuration": [],
            "tags": {},
            "versioning": [
              {
                "enabled": false,
                "mfa_delete": false
              }
            ],
            "website": [],
            "website_domain": null,
            "website_endpoint": null
          },
          "private": "bnVsbA=="
        }
      ]
    },
    {
      "mode": "managed",
      "type": "aws_s3_bucket",
      "name": "main",
      "provider": "provider.aws",
      "instances": [
        {
          "schema_version": 0,
          "attributes": {
            "acceleration_status": "",
            "acl": "private",
            "arn": "arn:aws:s3:::terraformjanswebsite",
            "bucket": "terraformjanswebsite",
            "bucket_domain_name": "terraformjanswebsite.s3.amazonaws.com",
            "bucket_prefix": null,
            "bucket_regional_domain_name": "terraformjanswebsite.s3.eu-central-1.amazonaws.com",
            "cors_rule": [],
            "force_destroy": true,
            "hosted_zone_id": "Z21DNDUVLTQW6Q",
            "id": "terraformjanswebsite",
            "lifecycle_rule": [],
            "logging": [
              {
                "target_bucket": "jans-website-logging-bucket",
                "target_prefix": "www.jans_website"
              }
            ],
            "object_lock_configuration": [],
            "policy": null,
            "region": "eu-central-1",
            "replication_configuration": [],
            "request_payer": "BucketOwner",
            "server_side_encryption_configuration": [],
            "tags": {
              "Environment": "Dev",
              "Name": "Bucket for TEState"
            },
            "versioning": [
              {
                "enabled": false,
                "mfa_delete": false
              }
            ],
            "website": [
              {
                "error_document": "index.html",
                "index_document": "index.html",
                "redirect_all_requests_to": "",
                "routing_rules": ""
              }
            ],
            "website_domain": "s3-website.eu-central-1.amazonaws.com",
            "website_endpoint": "terraformjanswebsite.s3-website.eu-central-1.amazonaws.com"
          },
          "private": "bnVsbA==",
          "depends_on": [
            "aws_s3_bucket.jans-website-logging-bucket"
          ]
        }
      ]
    },
    {
      "mode": "managed",
      "type": "aws_s3_bucket_object",
      "name": "jans-site-files",
      "each": "map",
      "provider": "provider.aws",
      "instances": [
        {
          "index_key": "css/main.css",
          "schema_version": 0,
          "attributes": {
            "acl": "public-read",
            "bucket": "terraformjanswebsite",
            "cache_control": "",
            "content": null,
            "content_base64": null,
            "content_disposition": "",
            "content_encoding": "",
            "content_language": "",
            "content_type": "text/css",
            "etag": "195393de459b87663d20881d9cde19f6",
            "force_destroy": false,
            "id": "css/main.css",
            "key": "css/main.css",
            "kms_key_id": null,
            "metadata": {},
            "object_lock_legal_hold_status": "",
            "object_lock_mode": "",
            "object_lock_retain_until_date": "",
            "server_side_encryption": "",
            "source": "./website/css/main.css",
            "storage_class": "STANDARD",
            "tags": {},
            "version_id": "",
            "website_redirect": ""
          },
          "private": "bnVsbA==",
          "depends_on": [
            "aws_s3_bucket.main"
          ]
        },
        {
          "index_key": "css/util.css",
          "schema_version": 0,
          "attributes": {
            "acl": "public-read",
            "bucket": "terraformjanswebsite",
            "cache_control": "",
            "content": null,
            "content_base64": null,
            "content_disposition": "",
            "content_encoding": "",
            "content_language": "",
            "content_type": "text/css",
            "etag": "7be8a44b2a169ff9bb0885a20439bb48",
            "force_destroy": false,
            "id": "css/util.css",
            "key": "css/util.css",
            "kms_key_id": null,
            "metadata": {},
            "object_lock_legal_hold_status": "",
            "object_lock_mode": "",
            "object_lock_retain_until_date": "",
            "server_side_encryption": "",
            "source": "./website/css/util.css",
            "storage_class": "STANDARD",
            "tags": {},
            "version_id": "",
            "website_redirect": ""
          },
          "private": "bnVsbA==",
          "depends_on": [
            "aws_s3_bucket.main"
          ]
        },
        {
          "index_key": "fonts/Lato/Lato-Black.ttf",
          "schema_version": 0,
          "attributes": {
            "acl": "public-read",
            "bucket": "terraformjanswebsite",
            "cache_control": "",
            "content": null,
            "content_base64": null,
            "content_disposition": "",
            "content_encoding": "",
            "content_language": "",
            "content_type": "binary/octet-stream",
            "etag": "77d353744697c77955f9bacc7f3ed90a",
            "force_destroy": false,
            "id": "fonts/Lato/Lato-Black.ttf",
            "key": "fonts/Lato/Lato-Black.ttf",
            "kms_key_id": null,
            "metadata": {},
            "object_lock_legal_hold_status": "",
            "object_lock_mode": "",
            "object_lock_retain_until_date": "",
            "server_side_encryption": "",
            "source": "./website/fonts/Lato/Lato-Black.ttf",
            "storage_class": "STANDARD",
            "tags": {},
            "version_id": "",
            "website_redirect": ""
          },
          "private": "bnVsbA==",
          "depends_on": [
            "aws_s3_bucket.main"
          ]
        },
        {
          "index_key": "fonts/Lato/Lato-BlackItalic.ttf",
          "schema_version": 0,
          "attributes": {
            "acl": "public-read",
            "bucket": "terraformjanswebsite",
            "cache_control": "",
            "content": null,
            "content_base64": null,
            "content_disposition": "",
            "content_encoding": "",
            "content_language": "",
            "content_type": "binary/octet-stream",
            "etag": "6c522f09efc8b83271666585f9fc6bf0",
            "force_destroy": false,
            "id": "fonts/Lato/Lato-BlackItalic.ttf",
            "key": "fonts/Lato/Lato-BlackItalic.ttf",
            "kms_key_id": null,
            "metadata": {},
            "object_lock_legal_hold_status": "",
            "object_lock_mode": "",
            "object_lock_retain_until_date": "",
            "server_side_encryption": "",
            "source": "./website/fonts/Lato/Lato-BlackItalic.ttf",
            "storage_class": "STANDARD",
            "tags": {},
            "version_id": "",
            "website_redirect": ""
          },
          "private": "bnVsbA==",
          "depends_on": [
            "aws_s3_bucket.main"
          ]
        },
        {
          "index_key": "fonts/Lato/Lato-Bold.ttf",
          "schema_version": 0,
          "attributes": {
            "acl": "public-read",
            "bucket": "terraformjanswebsite",
            "cache_control": "",
            "content": null,
            "content_base64": null,
            "content_disposition": "",
            "content_encoding": "",
            "content_language": "",
            "content_type": "binary/octet-stream",
            "etag": "44dfe8cc676882243911a3197a50169e",
            "force_destroy": false,
            "id": "fonts/Lato/Lato-Bold.ttf",
            "key": "fonts/Lato/Lato-Bold.ttf",
            "kms_key_id": null,
            "metadata": {},
            "object_lock_legal_hold_status": "",
            "object_lock_mode": "",
            "object_lock_retain_until_date": "",
            "server_side_encryption": "",
            "source": "./website/fonts/Lato/Lato-Bold.ttf",
            "storage_class": "STANDARD",
            "tags": {},
            "version_id": "",
            "website_redirect": ""
          },
          "private": "bnVsbA==",
          "depends_on": [
            "aws_s3_bucket.main"
          ]
        },
        {
          "index_key": "fonts/Lato/Lato-BoldItalic.ttf",
          "schema_version": 0,
          "attributes": {
            "acl": "public-read",
            "bucket": "terraformjanswebsite",
            "cache_control": "",
            "content": null,
            "content_base64": null,
            "content_disposition": "",
            "content_encoding": "",
            "content_language": "",
            "content_type": "binary/octet-stream",
            "etag": "1ba4767ee37aab7e8d34fc339c3538cc",
            "force_destroy": false,
            "id": "fonts/Lato/Lato-BoldItalic.ttf",
            "key": "fonts/Lato/Lato-BoldItalic.ttf",
            "kms_key_id": null,
            "metadata": {},
            "object_lock_legal_hold_status": "",
            "object_lock_mode": "",
            "object_lock_retain_until_date": "",
            "server_side_encryption": "",
            "source": "./website/fonts/Lato/Lato-BoldItalic.ttf",
            "storage_class": "STANDARD",
            "tags": {},
            "version_id": "",
            "website_redirect": ""
          },
          "private": "bnVsbA==",
          "depends_on": [
            "aws_s3_bucket.main"
          ]
        },
        {
          "index_key": "fonts/Lato/Lato-Hairline.ttf",
          "schema_version": 0,
          "attributes": {
            "acl": "public-read",
            "bucket": "terraformjanswebsite",
            "cache_control": "",
            "content": null,
            "content_base64": null,
            "content_disposition": "",
            "content_encoding": "",
            "content_language": "",
            "content_type": "binary/octet-stream",
            "etag": "db15ac7981b2d2897d1a3c22892b5a51",
            "force_destroy": false,
            "id": "fonts/Lato/Lato-Hairline.ttf",
            "key": "fonts/Lato/Lato-Hairline.ttf",
            "kms_key_id": null,
            "metadata": {},
            "object_lock_legal_hold_status": "",
            "object_lock_mode": "",
            "object_lock_retain_until_date": "",
            "server_side_encryption": "",
            "source": "./website/fonts/Lato/Lato-Hairline.ttf",
            "storage_class": "STANDARD",
            "tags": {},
            "version_id": "",
            "website_redirect": ""
          },
          "private": "bnVsbA==",
          "depends_on": [
            "aws_s3_bucket.main"
          ]
        },
        {
          "index_key": "fonts/Lato/Lato-HairlineItalic.ttf",
          "schema_version": 0,
          "attributes": {
            "acl": "public-read",
            "bucket": "terraformjanswebsite",
            "cache_control": "",
            "content": null,
            "content_base64": null,
            "content_disposition": "",
            "content_encoding": "",
            "content_language": "",
            "content_type": "binary/octet-stream",
            "etag": "a567f4a8e101cb600004e09526a1a170",
            "force_destroy": false,
            "id": "fonts/Lato/Lato-HairlineItalic.ttf",
            "key": "fonts/Lato/Lato-HairlineItalic.ttf",
            "kms_key_id": null,
            "metadata": {},
            "object_lock_legal_hold_status": "",
            "object_lock_mode": "",
            "object_lock_retain_until_date": "",
            "server_side_encryption": "",
            "source": "./website/fonts/Lato/Lato-HairlineItalic.ttf",
            "storage_class": "STANDARD",
            "tags": {},
            "version_id": "",
            "website_redirect": ""
          },
          "private": "bnVsbA==",
          "depends_on": [
            "aws_s3_bucket.main"
          ]
        },
        {
          "index_key": "fonts/Lato/Lato-Italic.ttf",
          "schema_version": 0,
          "attributes": {
            "acl": "public-read",
            "bucket": "terraformjanswebsite",
            "cache_control": "",
            "content": null,
            "content_base64": null,
            "content_disposition": "",
            "content_encoding": "",
            "content_language": "",
            "content_type": "binary/octet-stream",
            "etag": "56c4cb26fd6a48b9c0ebcc07b376ee38",
            "force_destroy": false,
            "id": "fonts/Lato/Lato-Italic.ttf",
            "key": "fonts/Lato/Lato-Italic.ttf",
            "kms_key_id": null,
            "metadata": {},
            "object_lock_legal_hold_status": "",
            "object_lock_mode": "",
            "object_lock_retain_until_date": "",
            "server_side_encryption": "",
            "source": "./website/fonts/Lato/Lato-Italic.ttf",
            "storage_class": "STANDARD",
            "tags": {},
            "version_id": "",
            "website_redirect": ""
          },
          "private": "bnVsbA==",
          "depends_on": [
            "aws_s3_bucket.main"
          ]
        },
        {
          "index_key": "fonts/Lato/Lato-Light.ttf",
          "schema_version": 0,
          "attributes": {
            "acl": "public-read",
            "bucket": "terraformjanswebsite",
            "cache_control": "",
            "content": null,
            "content_base64": null,
            "content_disposition": "",
            "content_encoding": "",
            "content_language": "",
            "content_type": "binary/octet-stream",
            "etag": "5b761f2d1e4259ea6ac7ab3ebf7f3c49",
            "force_destroy": false,
            "id": "fonts/Lato/Lato-Light.ttf",
            "key": "fonts/Lato/Lato-Light.ttf",
            "kms_key_id": null,
            "metadata": {},
            "object_lock_legal_hold_status": "",
            "object_lock_mode": "",
            "object_lock_retain_until_date": "",
            "server_side_encryption": "",
            "source": "./website/fonts/Lato/Lato-Light.ttf",
            "storage_class": "STANDARD",
            "tags": {},
            "version_id": "",
            "website_redirect": ""
          },
          "private": "bnVsbA==",
          "depends_on": [
            "aws_s3_bucket.main"
          ]
        },
        {
          "index_key": "fonts/Lato/Lato-LightItalic.ttf",
          "schema_version": 0,
          "attributes": {
            "acl": "public-read",
            "bucket": "terraformjanswebsite",
            "cache_control": "",
            "content": null,
            "content_base64": null,
            "content_disposition": "",
            "content_encoding": "",
            "content_language": "",
            "content_type": "binary/octet-stream",
            "etag": "3d747d8bf464744eecb91556d86de11b",
            "force_destroy": false,
            "id": "fonts/Lato/Lato-LightItalic.ttf",
            "key": "fonts/Lato/Lato-LightItalic.ttf",
            "kms_key_id": null,
            "metadata": {},
            "object_lock_legal_hold_status": "",
            "object_lock_mode": "",
            "object_lock_retain_until_date": "",
            "server_side_encryption": "",
            "source": "./website/fonts/Lato/Lato-LightItalic.ttf",
            "storage_class": "STANDARD",
            "tags": {},
            "version_id": "",
            "website_redirect": ""
          },
          "private": "bnVsbA==",
          "depends_on": [
            "aws_s3_bucket.main"
          ]
        },
        {
          "index_key": "fonts/Lato/Lato-Regular.ttf",
          "schema_version": 0,
          "attributes": {
            "acl": "public-read",
            "bucket": "terraformjanswebsite",
            "cache_control": "",
            "content": null,
            "content_base64": null,
            "content_disposition": "",
            "content_encoding": "",
            "content_language": "",
            "content_type": "binary/octet-stream",
            "etag": "7f690e503a254e0b8349aec0177e07aa",
            "force_destroy": false,
            "id": "fonts/Lato/Lato-Regular.ttf",
            "key": "fonts/Lato/Lato-Regular.ttf",
            "kms_key_id": null,
            "metadata": {},
            "object_lock_legal_hold_status": "",
            "object_lock_mode": "",
            "object_lock_retain_until_date": "",
            "server_side_encryption": "",
            "source": "./website/fonts/Lato/Lato-Regular.ttf",
            "storage_class": "STANDARD",
            "tags": {},
            "version_id": "",
            "website_redirect": ""
          },
          "private": "bnVsbA==",
          "depends_on": [
            "aws_s3_bucket.main"
          ]
        },
        {
          "index_key": "fonts/Lato/OFL.txt",
          "schema_version": 0,
          "attributes": {
            "acl": "public-read",
            "bucket": "terraformjanswebsite",
            "cache_control": "",
            "content": null,
            "content_base64": null,
            "content_disposition": "",
            "content_encoding": "",
            "content_language": "",
            "content_type": "binary/octet-stream",
            "etag": "99aa8fee7ed71044ae773b92d79ab24c",
            "force_destroy": false,
            "id": "fonts/Lato/OFL.txt",
            "key": "fonts/Lato/OFL.txt",
            "kms_key_id": null,
            "metadata": {},
            "object_lock_legal_hold_status": "",
            "object_lock_mode": "",
            "object_lock_retain_until_date": "",
            "server_side_encryption": "",
            "source": "./website/fonts/Lato/OFL.txt",
            "storage_class": "STANDARD",
            "tags": {},
            "version_id": "",
            "website_redirect": ""
          },
          "private": "bnVsbA==",
          "depends_on": [
            "aws_s3_bucket.main"
          ]
        },
        {
          "index_key": "fonts/Poppins/Poppins-Black.ttf",
          "schema_version": 0,
          "attributes": {
            "acl": "public-read",
            "bucket": "terraformjanswebsite",
            "cache_control": "",
            "content": null,
            "content_base64": null,
            "content_disposition": "",
            "content_encoding": "",
            "content_language": "",
            "content_type": "binary/octet-stream",
            "etag": "8971d1710cbf4c91bca1b460aec154d7",
            "force_destroy": false,
            "id": "fonts/Poppins/Poppins-Black.ttf",
            "key": "fonts/Poppins/Poppins-Black.ttf",
            "kms_key_id": null,
            "metadata": {},
            "object_lock_legal_hold_status": "",
            "object_lock_mode": "",
            "object_lock_retain_until_date": "",
            "server_side_encryption": "",
            "source": "./website/fonts/Poppins/Poppins-Black.ttf",
            "storage_class": "STANDARD",
            "tags": {},
            "version_id": "",
            "website_redirect": ""
          },
          "private": "bnVsbA==",
          "depends_on": [
            "aws_s3_bucket.main"
          ]
        },
        {
          "index_key": "fonts/Poppins/Poppins-BlackItalic.ttf",
          "schema_version": 0,
          "attributes": {
            "acl": "public-read",
            "bucket": "terraformjanswebsite",
            "cache_control": "",
            "content": null,
            "content_base64": null,
            "content_disposition": "",
            "content_encoding": "",
            "content_language": "",
            "content_type": "binary/octet-stream",
            "etag": "ad021f07d5d9269d7a7c005e2ad19eae",
            "force_destroy": false,
            "id": "fonts/Poppins/Poppins-BlackItalic.ttf",
            "key": "fonts/Poppins/Poppins-BlackItalic.ttf",
            "kms_key_id": null,
            "metadata": {},
            "object_lock_legal_hold_status": "",
            "object_lock_mode": "",
            "object_lock_retain_until_date": "",
            "server_side_encryption": "",
            "source": "./website/fonts/Poppins/Poppins-BlackItalic.ttf",
            "storage_class": "STANDARD",
            "tags": {},
            "version_id": "",
            "website_redirect": ""
          },
          "private": "bnVsbA==",
          "depends_on": [
            "aws_s3_bucket.main"
          ]
        },
        {
          "index_key": "fonts/Poppins/Poppins-Bold.ttf",
          "schema_version": 0,
          "attributes": {
            "acl": "public-read",
            "bucket": "terraformjanswebsite",
            "cache_control": "",
            "content": null,
            "content_base64": null,
            "content_disposition": "",
            "content_encoding": "",
            "content_language": "",
            "content_type": "binary/octet-stream",
            "etag": "7940efc40d8e3b477e16cc41b0287139",
            "force_destroy": false,
            "id": "fonts/Poppins/Poppins-Bold.ttf",
            "key": "fonts/Poppins/Poppins-Bold.ttf",
            "kms_key_id": null,
            "metadata": {},
            "object_lock_legal_hold_status": "",
            "object_lock_mode": "",
            "object_lock_retain_until_date": "",
            "server_side_encryption": "",
            "source": "./website/fonts/Poppins/Poppins-Bold.ttf",
            "storage_class": "STANDARD",
            "tags": {},
            "version_id": "",
            "website_redirect": ""
          },
          "private": "bnVsbA==",
          "depends_on": [
            "aws_s3_bucket.main"
          ]
        },
        {
          "index_key": "fonts/Poppins/Poppins-BoldItalic.ttf",
          "schema_version": 0,
          "attributes": {
            "acl": "public-read",
            "bucket": "terraformjanswebsite",
            "cache_control": "",
            "content": null,
            "content_base64": null,
            "content_disposition": "",
            "content_encoding": "",
            "content_language": "",
            "content_type": "binary/octet-stream",
            "etag": "0952866304f326356a552d9b60a8f06e",
            "force_destroy": false,
            "id": "fonts/Poppins/Poppins-BoldItalic.ttf",
            "key": "fonts/Poppins/Poppins-BoldItalic.ttf",
            "kms_key_id": null,
            "metadata": {},
            "object_lock_legal_hold_status": "",
            "object_lock_mode": "",
            "object_lock_retain_until_date": "",
            "server_side_encryption": "",
            "source": "./website/fonts/Poppins/Poppins-BoldItalic.ttf",
            "storage_class": "STANDARD",
            "tags": {},
            "version_id": "",
            "website_redirect": ""
          },
          "private": "bnVsbA==",
          "depends_on": [
            "aws_s3_bucket.main"
          ]
        },
        {
          "index_key": "fonts/Poppins/Poppins-ExtraBold.ttf",
          "schema_version": 0,
          "attributes": {
            "acl": "public-read",
            "bucket": "terraformjanswebsite",
            "cache_control": "",
            "content": null,
            "content_base64": null,
            "content_disposition": "",
            "content_encoding": "",
            "content_language": "",
            "content_type": "binary/octet-stream",
            "etag": "0e6906b2b7be194f68b8f7b7252c4f6c",
            "force_destroy": false,
            "id": "fonts/Poppins/Poppins-ExtraBold.ttf",
            "key": "fonts/Poppins/Poppins-ExtraBold.ttf",
            "kms_key_id": null,
            "metadata": {},
            "object_lock_legal_hold_status": "",
            "object_lock_mode": "",
            "object_lock_retain_until_date": "",
            "server_side_encryption": "",
            "source": "./website/fonts/Poppins/Poppins-ExtraBold.ttf",
            "storage_class": "STANDARD",
            "tags": {},
            "version_id": "",
            "website_redirect": ""
          },
          "private": "bnVsbA==",
          "depends_on": [
            "aws_s3_bucket.main"
          ]
        },
        {
          "index_key": "fonts/Poppins/Poppins-ExtraBoldItalic.ttf",
          "schema_version": 0,
          "attributes": {
            "acl": "public-read",
            "bucket": "terraformjanswebsite",
            "cache_control": "",
            "content": null,
            "content_base64": null,
            "content_disposition": "",
            "content_encoding": "",
            "content_language": "",
            "content_type": "binary/octet-stream",
            "etag": "8f1e4e0b5a883ba1035b10f6bd09f19f",
            "force_destroy": false,
            "id": "fonts/Poppins/Poppins-ExtraBoldItalic.ttf",
            "key": "fonts/Poppins/Poppins-ExtraBoldItalic.ttf",
            "kms_key_id": null,
            "metadata": {},
            "object_lock_legal_hold_status": "",
            "object_lock_mode": "",
            "object_lock_retain_until_date": "",
            "server_side_encryption": "",
            "source": "./website/fonts/Poppins/Poppins-ExtraBoldItalic.ttf",
            "storage_class": "STANDARD",
            "tags": {},
            "version_id": "",
            "website_redirect": ""
          },
          "private": "bnVsbA==",
          "depends_on": [
            "aws_s3_bucket.main"
          ]
        },
        {
          "index_key": "fonts/Poppins/Poppins-ExtraLight.ttf",
          "schema_version": 0,
          "attributes": {
            "acl": "public-read",
            "bucket": "terraformjanswebsite",
            "cache_control": "",
            "content": null,
            "content_base64": null,
            "content_disposition": "",
            "content_encoding": "",
            "content_language": "",
            "content_type": "binary/octet-stream",
            "etag": "f99f9d50a569dbcf72e3084ef1a43208",
            "force_destroy": false,
            "id": "fonts/Poppins/Poppins-ExtraLight.ttf",
            "key": "fonts/Poppins/Poppins-ExtraLight.ttf",
            "kms_key_id": null,
            "metadata": {},
            "object_lock_legal_hold_status": "",
            "object_lock_mode": "",
            "object_lock_retain_until_date": "",
            "server_side_encryption": "",
            "source": "./website/fonts/Poppins/Poppins-ExtraLight.ttf",
            "storage_class": "STANDARD",
            "tags": {},
            "version_id": "",
            "website_redirect": ""
          },
          "private": "bnVsbA==",
          "depends_on": [
            "aws_s3_bucket.main"
          ]
        },
        {
          "index_key": "fonts/Poppins/Poppins-ExtraLightItalic.ttf",
          "schema_version": 0,
          "attributes": {
            "acl": "public-read",
            "bucket": "terraformjanswebsite",
            "cache_control": "",
            "content": null,
            "content_base64": null,
            "content_disposition": "",
            "content_encoding": "",
            "content_language": "",
            "content_type": "binary/octet-stream",
            "etag": "682c805ca8e4f6d0f66b4f9fbbb83fac",
            "force_destroy": false,
            "id": "fonts/Poppins/Poppins-ExtraLightItalic.ttf",
            "key": "fonts/Poppins/Poppins-ExtraLightItalic.ttf",
            "kms_key_id": null,
            "metadata": {},
            "object_lock_legal_hold_status": "",
            "object_lock_mode": "",
            "object_lock_retain_until_date": "",
            "server_side_encryption": "",
            "source": "./website/fonts/Poppins/Poppins-ExtraLightItalic.ttf",
            "storage_class": "STANDARD",
            "tags": {},
            "version_id": "",
            "website_redirect": ""
          },
          "private": "bnVsbA==",
          "depends_on": [
            "aws_s3_bucket.main"
          ]
        },
        {
          "index_key": "fonts/Poppins/Poppins-Italic.ttf",
          "schema_version": 0,
          "attributes": {
            "acl": "public-read",
            "bucket": "terraformjanswebsite",
            "cache_control": "",
            "content": null,
            "content_base64": null,
            "content_disposition": "",
            "content_encoding": "",
            "content_language": "",
            "content_type": "binary/octet-stream",
            "etag": "b7e7ed9f2fd6236ad791a8987d8f478f",
            "force_destroy": false,
            "id": "fonts/Poppins/Poppins-Italic.ttf",
            "key": "fonts/Poppins/Poppins-Italic.ttf",
            "kms_key_id": null,
            "metadata": {},
            "object_lock_legal_hold_status": "",
            "object_lock_mode": "",
            "object_lock_retain_until_date": "",
            "server_side_encryption": "",
            "source": "./website/fonts/Poppins/Poppins-Italic.ttf",
            "storage_class": "STANDARD",
            "tags": {},
            "version_id": "",
            "website_redirect": ""
          },
          "private": "bnVsbA==",
          "depends_on": [
            "aws_s3_bucket.main"
          ]
        },
        {
          "index_key": "fonts/Poppins/Poppins-Light.ttf",
          "schema_version": 0,
          "attributes": {
            "acl": "public-read",
            "bucket": "terraformjanswebsite",
            "cache_control": "",
            "content": null,
            "content_base64": null,
            "content_disposition": "",
            "content_encoding": "",
            "content_language": "",
            "content_type": "binary/octet-stream",
            "etag": "3352653dedd571bbc490c8be132b38cd",
            "force_destroy": false,
            "id": "fonts/Poppins/Poppins-Light.ttf",
            "key": "fonts/Poppins/Poppins-Light.ttf",
            "kms_key_id": null,
            "metadata": {},
            "object_lock_legal_hold_status": "",
            "object_lock_mode": "",
            "object_lock_retain_until_date": "",
            "server_side_encryption": "",
            "source": "./website/fonts/Poppins/Poppins-Light.ttf",
            "storage_class": "STANDARD",
            "tags": {},
            "version_id": "",
            "website_redirect": ""
          },
          "private": "bnVsbA==",
          "depends_on": [
            "aws_s3_bucket.main"
          ]
        },
        {
          "index_key": "fonts/Poppins/Poppins-LightItalic.ttf",
          "schema_version": 0,
          "attributes": {
            "acl": "public-read",
            "bucket": "terraformjanswebsite",
            "cache_control": "",
            "content": null,
            "content_base64": null,
            "content_disposition": "",
            "content_encoding": "",
            "content_language": "",
            "content_type": "binary/octet-stream",
            "etag": "f86967072b9e0d95ccd5587decb10180",
            "force_destroy": false,
            "id": "fonts/Poppins/Poppins-LightItalic.ttf",
            "key": "fonts/Poppins/Poppins-LightItalic.ttf",
            "kms_key_id": null,
            "metadata": {},
            "object_lock_legal_hold_status": "",
            "object_lock_mode": "",
            "object_lock_retain_until_date": "",
            "server_side_encryption": "",
            "source": "./website/fonts/Poppins/Poppins-LightItalic.ttf",
            "storage_class": "STANDARD",
            "tags": {},
            "version_id": "",
            "website_redirect": ""
          },
          "private": "bnVsbA==",
          "depends_on": [
            "aws_s3_bucket.main"
          ]
        },
        {
          "index_key": "fonts/Poppins/Poppins-Medium.ttf",
          "schema_version": 0,
          "attributes": {
            "acl": "public-read",
            "bucket": "terraformjanswebsite",
            "cache_control": "",
            "content": null,
            "content_base64": null,
            "content_disposition": "",
            "content_encoding": "",
            "content_language": "",
            "content_type": "binary/octet-stream",
            "etag": "a4e11dda40531debd374e4c8b1dcc7f4",
            "force_destroy": false,
            "id": "fonts/Poppins/Poppins-Medium.ttf",
            "key": "fonts/Poppins/Poppins-Medium.ttf",
            "kms_key_id": null,
            "metadata": {},
            "object_lock_legal_hold_status": "",
            "object_lock_mode": "",
            "object_lock_retain_until_date": "",
            "server_side_encryption": "",
            "source": "./website/fonts/Poppins/Poppins-Medium.ttf",
            "storage_class": "STANDARD",
            "tags": {},
            "version_id": "",
            "website_redirect": ""
          },
          "private": "bnVsbA==",
          "depends_on": [
            "aws_s3_bucket.main"
          ]
        },
        {
          "index_key": "fonts/Poppins/Poppins-MediumItalic.ttf",
          "schema_version": 0,
          "attributes": {
            "acl": "public-read",
            "bucket": "terraformjanswebsite",
            "cache_control": "",
            "content": null,
            "content_base64": null,
            "content_disposition": "",
            "content_encoding": "",
            "content_language": "",
            "content_type": "binary/octet-stream",
            "etag": "049c11dc561dad0fdd4627417030386b",
            "force_destroy": false,
            "id": "fonts/Poppins/Poppins-MediumItalic.ttf",
            "key": "fonts/Poppins/Poppins-MediumItalic.ttf",
            "kms_key_id": null,
            "metadata": {},
            "object_lock_legal_hold_status": "",
            "object_lock_mode": "",
            "object_lock_retain_until_date": "",
            "server_side_encryption": "",
            "source": "./website/fonts/Poppins/Poppins-MediumItalic.ttf",
            "storage_class": "STANDARD",
            "tags": {},
            "version_id": "",
            "website_redirect": ""
          },
          "private": "bnVsbA==",
          "depends_on": [
            "aws_s3_bucket.main"
          ]
        },
        {
          "index_key": "fonts/Poppins/Poppins-Regular.ttf",
          "schema_version": 0,
          "attributes": {
            "acl": "public-read",
            "bucket": "terraformjanswebsite",
            "cache_control": "",
            "content": null,
            "content_base64": null,
            "content_disposition": "",
            "content_encoding": "",
            "content_language": "",
            "content_type": "binary/octet-stream",
            "etag": "731a28a413d642522667a2de8681ff35",
            "force_destroy": false,
            "id": "fonts/Poppins/Poppins-Regular.ttf",
            "key": "fonts/Poppins/Poppins-Regular.ttf",
            "kms_key_id": null,
            "metadata": {},
            "object_lock_legal_hold_status": "",
            "object_lock_mode": "",
            "object_lock_retain_until_date": "",
            "server_side_encryption": "",
            "source": "./website/fonts/Poppins/Poppins-Regular.ttf",
            "storage_class": "STANDARD",
            "tags": {},
            "version_id": "",
            "website_redirect": ""
          },
          "private": "bnVsbA==",
          "depends_on": [
            "aws_s3_bucket.main"
          ]
        },
        {
          "index_key": "fonts/Poppins/Poppins-SemiBold.ttf",
          "schema_version": 0,
          "attributes": {
            "acl": "public-read",
            "bucket": "terraformjanswebsite",
            "cache_control": "",
            "content": null,
            "content_base64": null,
            "content_disposition": "",
            "content_encoding": "",
            "content_language": "",
            "content_type": "binary/octet-stream",
            "etag": "e63b93dfac2600782654e2b87910d681",
            "force_destroy": false,
            "id": "fonts/Poppins/Poppins-SemiBold.ttf",
            "key": "fonts/Poppins/Poppins-SemiBold.ttf",
            "kms_key_id": null,
            "metadata": {},
            "object_lock_legal_hold_status": "",
            "object_lock_mode": "",
            "object_lock_retain_until_date": "",
            "server_side_encryption": "",
            "source": "./website/fonts/Poppins/Poppins-SemiBold.ttf",
            "storage_class": "STANDARD",
            "tags": {},
            "version_id": "",
            "website_redirect": ""
          },
          "private": "bnVsbA==",
          "depends_on": [
            "aws_s3_bucket.main"
          ]
        },
        {
          "index_key": "fonts/Poppins/Poppins-SemiBoldItalic.ttf",
          "schema_version": 0,
          "attributes": {
            "acl": "public-read",
            "bucket": "terraformjanswebsite",
            "cache_control": "",
            "content": null,
            "content_base64": null,
            "content_disposition": "",
            "content_encoding": "",
            "content_language": "",
            "content_type": "binary/octet-stream",
            "etag": "e650e72170e79b589af1fbdf46b03676",
            "force_destroy": false,
            "id": "fonts/Poppins/Poppins-SemiBoldItalic.ttf",
            "key": "fonts/Poppins/Poppins-SemiBoldItalic.ttf",
            "kms_key_id": null,
            "metadata": {},
            "object_lock_legal_hold_status": "",
            "object_lock_mode": "",
            "object_lock_retain_until_date": "",
            "server_side_encryption": "",
            "source": "./website/fonts/Poppins/Poppins-SemiBoldItalic.ttf",
            "storage_class": "STANDARD",
            "tags": {},
            "version_id": "",
            "website_redirect": ""
          },
          "private": "bnVsbA==",
          "depends_on": [
            "aws_s3_bucket.main"
          ]
        },
        {
          "index_key": "fonts/Poppins/Poppins-Thin.ttf",
          "schema_version": 0,
          "attributes": {
            "acl": "public-read",
            "bucket": "terraformjanswebsite",
            "cache_control": "",
            "content": null,
            "content_base64": null,
            "content_disposition": "",
            "content_encoding": "",
            "content_language": "",
            "content_type": "binary/octet-stream",
            "etag": "735aa7d8e35b63068b9113ea2545f0c3",
            "force_destroy": false,
            "id": "fonts/Poppins/Poppins-Thin.ttf",
            "key": "fonts/Poppins/Poppins-Thin.ttf",
            "kms_key_id": null,
            "metadata": {},
            "object_lock_legal_hold_status": "",
            "object_lock_mode": "",
            "object_lock_retain_until_date": "",
            "server_side_encryption": "",
            "source": "./website/fonts/Poppins/Poppins-Thin.ttf",
            "storage_class": "STANDARD",
            "tags": {},
            "version_id": "",
            "website_redirect": ""
          },
          "private": "bnVsbA==",
          "depends_on": [
            "aws_s3_bucket.main"
          ]
        },
        {
          "index_key": "fonts/Poppins/Poppins-ThinItalic.ttf",
          "schema_version": 0,
          "attributes": {
            "acl": "public-read",
            "bucket": "terraformjanswebsite",
            "cache_control": "",
            "content": null,
            "content_base64": null,
            "content_disposition": "",
            "content_encoding": "",
            "content_language": "",
            "content_type": "binary/octet-stream",
            "etag": "cffb0ae21d03a32e81d5f2193c4a711d",
            "force_destroy": false,
            "id": "fonts/Poppins/Poppins-ThinItalic.ttf",
            "key": "fonts/Poppins/Poppins-ThinItalic.ttf",
            "kms_key_id": null,
            "metadata": {},
            "object_lock_legal_hold_status": "",
            "object_lock_mode": "",
            "object_lock_retain_until_date": "",
            "server_side_encryption": "",
            "source": "./website/fonts/Poppins/Poppins-ThinItalic.ttf",
            "storage_class": "STANDARD",
            "tags": {},
            "version_id": "",
            "website_redirect": ""
          },
          "private": "bnVsbA==",
          "depends_on": [
            "aws_s3_bucket.main"
          ]
        },
        {
          "index_key": "fonts/font-awesome-4.7.0/HELP-US-OUT.txt",
          "schema_version": 0,
          "attributes": {
            "acl": "public-read",
            "bucket": "terraformjanswebsite",
            "cache_control": "",
            "content": null,
            "content_base64": null,
            "content_disposition": "",
            "content_encoding": "",
            "content_language": "",
            "content_type": "binary/octet-stream",
            "etag": "a1e5be58e81e919ba2e579cd1c65283e",
            "force_destroy": false,
            "id": "fonts/font-awesome-4.7.0/HELP-US-OUT.txt",
            "key": "fonts/font-awesome-4.7.0/HELP-US-OUT.txt",
            "kms_key_id": null,
            "metadata": {},
            "object_lock_legal_hold_status": "",
            "object_lock_mode": "",
            "object_lock_retain_until_date": "",
            "server_side_encryption": "",
            "source": "./website/fonts/font-awesome-4.7.0/HELP-US-OUT.txt",
            "storage_class": "STANDARD",
            "tags": {},
            "version_id": "",
            "website_redirect": ""
          },
          "private": "bnVsbA==",
          "depends_on": [
            "aws_s3_bucket.main"
          ]
        },
        {
          "index_key": "fonts/font-awesome-4.7.0/css/font-awesome.css",
          "schema_version": 0,
          "attributes": {
            "acl": "public-read",
            "bucket": "terraformjanswebsite",
            "cache_control": "",
            "content": null,
            "content_base64": null,
            "content_disposition": "",
            "content_encoding": "",
            "content_language": "",
            "content_type": "text/css",
            "etag": "c495654869785bc3df60216616814ad1",
            "force_destroy": false,
            "id": "fonts/font-awesome-4.7.0/css/font-awesome.css",
            "key": "fonts/font-awesome-4.7.0/css/font-awesome.css",
            "kms_key_id": null,
            "metadata": {},
            "object_lock_legal_hold_status": "",
            "object_lock_mode": "",
            "object_lock_retain_until_date": "",
            "server_side_encryption": "",
            "source": "./website/fonts/font-awesome-4.7.0/css/font-awesome.css",
            "storage_class": "STANDARD",
            "tags": {},
            "version_id": "",
            "website_redirect": ""
          },
          "private": "bnVsbA==",
          "depends_on": [
            "aws_s3_bucket.main"
          ]
        },
        {
          "index_key": "fonts/font-awesome-4.7.0/css/font-awesome.min.css",
          "schema_version": 0,
          "attributes": {
            "acl": "public-read",
            "bucket": "terraformjanswebsite",
            "cache_control": "",
            "content": null,
            "content_base64": null,
            "content_disposition": "",
            "content_encoding": "",
            "content_language": "",
            "content_type": "text/css",
            "etag": "546ae3fadad8325e1c9918f5388eb37f",
            "force_destroy": false,
            "id": "fonts/font-awesome-4.7.0/css/font-awesome.min.css",
            "key": "fonts/font-awesome-4.7.0/css/font-awesome.min.css",
            "kms_key_id": null,
            "metadata": {},
            "object_lock_legal_hold_status": "",
            "object_lock_mode": "",
            "object_lock_retain_until_date": "",
            "server_side_encryption": "",
            "source": "./website/fonts/font-awesome-4.7.0/css/font-awesome.min.css",
            "storage_class": "STANDARD",
            "tags": {},
            "version_id": "",
            "website_redirect": ""
          },
          "private": "bnVsbA==",
          "depends_on": [
            "aws_s3_bucket.main"
          ]
        },
        {
          "index_key": "fonts/font-awesome-4.7.0/fonts/FontAwesome.otf",
          "schema_version": 0,
          "attributes": {
            "acl": "public-read",
            "bucket": "terraformjanswebsite",
            "cache_control": "",
            "content": null,
            "content_base64": null,
            "content_disposition": "",
            "content_encoding": "",
            "content_language": "",
            "content_type": "binary/octet-stream",
            "etag": "0d2717cd5d853e5c765ca032dfd41a4d",
            "force_destroy": false,
            "id": "fonts/font-awesome-4.7.0/fonts/FontAwesome.otf",
            "key": "fonts/font-awesome-4.7.0/fonts/FontAwesome.otf",
            "kms_key_id": null,
            "metadata": {},
            "object_lock_legal_hold_status": "",
            "object_lock_mode": "",
            "object_lock_retain_until_date": "",
            "server_side_encryption": "",
            "source": "./website/fonts/font-awesome-4.7.0/fonts/FontAwesome.otf",
            "storage_class": "STANDARD",
            "tags": {},
            "version_id": "",
            "website_redirect": ""
          },
          "private": "bnVsbA==",
          "depends_on": [
            "aws_s3_bucket.main"
          ]
        },
        {
          "index_key": "fonts/font-awesome-4.7.0/fonts/fontawesome-webfont.eot",
          "schema_version": 0,
          "attributes": {
            "acl": "public-read",
            "bucket": "terraformjanswebsite",
            "cache_control": "",
            "content": null,
            "content_base64": null,
            "content_disposition": "",
            "content_encoding": "",
            "content_language": "",
            "content_type": "binary/octet-stream",
            "etag": "674f50d287a8c48dc19ba404d20fe713",
            "force_destroy": false,
            "id": "fonts/font-awesome-4.7.0/fonts/fontawesome-webfont.eot",
            "key": "fonts/font-awesome-4.7.0/fonts/fontawesome-webfont.eot",
            "kms_key_id": null,
            "metadata": {},
            "object_lock_legal_hold_status": "",
            "object_lock_mode": "",
            "object_lock_retain_until_date": "",
            "server_side_encryption": "",
            "source": "./website/fonts/font-awesome-4.7.0/fonts/fontawesome-webfont.eot",
            "storage_class": "STANDARD",
            "tags": {},
            "version_id": "",
            "website_redirect": ""
          },
          "private": "bnVsbA==",
          "depends_on": [
            "aws_s3_bucket.main"
          ]
        },
        {
          "index_key": "fonts/font-awesome-4.7.0/fonts/fontawesome-webfont.svg",
          "schema_version": 0,
          "attributes": {
            "acl": "public-read",
            "bucket": "terraformjanswebsite",
            "cache_control": "",
            "content": null,
            "content_base64": null,
            "content_disposition": "",
            "content_encoding": "",
            "content_language": "",
            "content_type": "binary/octet-stream",
            "etag": "912ec66d7572ff821749319396470bde",
            "force_destroy": false,
            "id": "fonts/font-awesome-4.7.0/fonts/fontawesome-webfont.svg",
            "key": "fonts/font-awesome-4.7.0/fonts/fontawesome-webfont.svg",
            "kms_key_id": null,
            "metadata": {},
            "object_lock_legal_hold_status": "",
            "object_lock_mode": "",
            "object_lock_retain_until_date": "",
            "server_side_encryption": "",
            "source": "./website/fonts/font-awesome-4.7.0/fonts/fontawesome-webfont.svg",
            "storage_class": "STANDARD",
            "tags": {},
            "version_id": "",
            "website_redirect": ""
          },
          "private": "bnVsbA==",
          "depends_on": [
            "aws_s3_bucket.main"
          ]
        },
        {
          "index_key": "fonts/font-awesome-4.7.0/fonts/fontawesome-webfont.ttf",
          "schema_version": 0,
          "attributes": {
            "acl": "public-read",
            "bucket": "terraformjanswebsite",
            "cache_control": "",
            "content": null,
            "content_base64": null,
            "content_disposition": "",
            "content_encoding": "",
            "content_language": "",
            "content_type": "binary/octet-stream",
            "etag": "b06871f281fee6b241d60582ae9369b9",
            "force_destroy": false,
            "id": "fonts/font-awesome-4.7.0/fonts/fontawesome-webfont.ttf",
            "key": "fonts/font-awesome-4.7.0/fonts/fontawesome-webfont.ttf",
            "kms_key_id": null,
            "metadata": {},
            "object_lock_legal_hold_status": "",
            "object_lock_mode": "",
            "object_lock_retain_until_date": "",
            "server_side_encryption": "",
            "source": "./website/fonts/font-awesome-4.7.0/fonts/fontawesome-webfont.ttf",
            "storage_class": "STANDARD",
            "tags": {},
            "version_id": "",
            "website_redirect": ""
          },
          "private": "bnVsbA==",
          "depends_on": [
            "aws_s3_bucket.main"
          ]
        },
        {
          "index_key": "fonts/font-awesome-4.7.0/fonts/fontawesome-webfont.woff",
          "schema_version": 0,
          "attributes": {
            "acl": "public-read",
            "bucket": "terraformjanswebsite",
            "cache_control": "",
            "content": null,
            "content_base64": null,
            "content_disposition": "",
            "content_encoding": "",
            "content_language": "",
            "content_type": "binary/octet-stream",
            "etag": "fee66e712a8a08eef5805a46892932ad",
            "force_destroy": false,
            "id": "fonts/font-awesome-4.7.0/fonts/fontawesome-webfont.woff",
            "key": "fonts/font-awesome-4.7.0/fonts/fontawesome-webfont.woff",
            "kms_key_id": null,
            "metadata": {},
            "object_lock_legal_hold_status": "",
            "object_lock_mode": "",
            "object_lock_retain_until_date": "",
            "server_side_encryption": "",
            "source": "./website/fonts/font-awesome-4.7.0/fonts/fontawesome-webfont.woff",
            "storage_class": "STANDARD",
            "tags": {},
            "version_id": "",
            "website_redirect": ""
          },
          "private": "bnVsbA==",
          "depends_on": [
            "aws_s3_bucket.main"
          ]
        },
        {
          "index_key": "fonts/font-awesome-4.7.0/fonts/fontawesome-webfont.woff2",
          "schema_version": 0,
          "attributes": {
            "acl": "public-read",
            "bucket": "terraformjanswebsite",
            "cache_control": "",
            "content": null,
            "content_base64": null,
            "content_disposition": "",
            "content_encoding": "",
            "content_language": "",
            "content_type": "binary/octet-stream",
            "etag": "af7ae505a9eed503f8b8e6982036873e",
            "force_destroy": false,
            "id": "fonts/font-awesome-4.7.0/fonts/fontawesome-webfont.woff2",
            "key": "fonts/font-awesome-4.7.0/fonts/fontawesome-webfont.woff2",
            "kms_key_id": null,
            "metadata": {},
            "object_lock_legal_hold_status": "",
            "object_lock_mode": "",
            "object_lock_retain_until_date": "",
            "server_side_encryption": "",
            "source": "./website/fonts/font-awesome-4.7.0/fonts/fontawesome-webfont.woff2",
            "storage_class": "STANDARD",
            "tags": {},
            "version_id": "",
            "website_redirect": ""
          },
          "private": "bnVsbA==",
          "depends_on": [
            "aws_s3_bucket.main"
          ]
        },
        {
          "index_key": "fonts/font-awesome-4.7.0/less/animated.less",
          "schema_version": 0,
          "attributes": {
            "acl": "public-read",
            "bucket": "terraformjanswebsite",
            "cache_control": "",
            "content": null,
            "content_base64": null,
            "content_disposition": "",
            "content_encoding": "",
            "content_language": "",
            "content_type": "binary/octet-stream",
            "etag": "08baef05e05301cabc91599a54921081",
            "force_destroy": false,
            "id": "fonts/font-awesome-4.7.0/less/animated.less",
            "key": "fonts/font-awesome-4.7.0/less/animated.less",
            "kms_key_id": null,
            "metadata": {},
            "object_lock_legal_hold_status": "",
            "object_lock_mode": "",
            "object_lock_retain_until_date": "",
            "server_side_encryption": "",
            "source": "./website/fonts/font-awesome-4.7.0/less/animated.less",
            "storage_class": "STANDARD",
            "tags": {},
            "version_id": "",
            "website_redirect": ""
          },
          "private": "bnVsbA==",
          "depends_on": [
            "aws_s3_bucket.main"
          ]
        },
        {
          "index_key": "fonts/font-awesome-4.7.0/less/bordered-pulled.less",
          "schema_version": 0,
          "attributes": {
            "acl": "public-read",
            "bucket": "terraformjanswebsite",
            "cache_control": "",
            "content": null,
            "content_base64": null,
            "content_disposition": "",
            "content_encoding": "",
            "content_language": "",
            "content_type": "binary/octet-stream",
            "etag": "898f90e40876883214bbd121b0c20e9f",
            "force_destroy": false,
            "id": "fonts/font-awesome-4.7.0/less/bordered-pulled.less",
            "key": "fonts/font-awesome-4.7.0/less/bordered-pulled.less",
            "kms_key_id": null,
            "metadata": {},
            "object_lock_legal_hold_status": "",
            "object_lock_mode": "",
            "object_lock_retain_until_date": "",
            "server_side_encryption": "",
            "source": "./website/fonts/font-awesome-4.7.0/less/bordered-pulled.less",
            "storage_class": "STANDARD",
            "tags": {},
            "version_id": "",
            "website_redirect": ""
          },
          "private": "bnVsbA==",
          "depends_on": [
            "aws_s3_bucket.main"
          ]
        },
        {
          "index_key": "fonts/font-awesome-4.7.0/less/core.less",
          "schema_version": 0,
          "attributes": {
            "acl": "public-read",
            "bucket": "terraformjanswebsite",
            "cache_control": "",
            "content": null,
            "content_base64": null,
            "content_disposition": "",
            "content_encoding": "",
            "content_language": "",
            "content_type": "binary/octet-stream",
            "etag": "fb4efe4ae63737706875bbbfc7b7e9af",
            "force_destroy": false,
            "id": "fonts/font-awesome-4.7.0/less/core.less",
            "key": "fonts/font-awesome-4.7.0/less/core.less",
            "kms_key_id": null,
            "metadata": {},
            "object_lock_legal_hold_status": "",
            "object_lock_mode": "",
            "object_lock_retain_until_date": "",
            "server_side_encryption": "",
            "source": "./website/fonts/font-awesome-4.7.0/less/core.less",
            "storage_class": "STANDARD",
            "tags": {},
            "version_id": "",
            "website_redirect": ""
          },
          "private": "bnVsbA==",
          "depends_on": [
            "aws_s3_bucket.main"
          ]
        },
        {
          "index_key": "fonts/font-awesome-4.7.0/less/fixed-width.less",
          "schema_version": 0,
          "attributes": {
            "acl": "public-read",
            "bucket": "terraformjanswebsite",
            "cache_control": "",
            "content": null,
            "content_base64": null,
            "content_disposition": "",
            "content_encoding": "",
            "content_language": "",
            "content_type": "binary/octet-stream",
            "etag": "5e07ec001f8d21bd279c12ee542813f7",
            "force_destroy": false,
            "id": "fonts/font-awesome-4.7.0/less/fixed-width.less",
            "key": "fonts/font-awesome-4.7.0/less/fixed-width.less",
            "kms_key_id": null,
            "metadata": {},
            "object_lock_legal_hold_status": "",
            "object_lock_mode": "",
            "object_lock_retain_until_date": "",
            "server_side_encryption": "",
            "source": "./website/fonts/font-awesome-4.7.0/less/fixed-width.less",
            "storage_class": "STANDARD",
            "tags": {},
            "version_id": "",
            "website_redirect": ""
          },
          "private": "bnVsbA==",
          "depends_on": [
            "aws_s3_bucket.main"
          ]
        },
        {
          "index_key": "fonts/font-awesome-4.7.0/less/font-awesome.less",
          "schema_version": 0,
          "attributes": {
            "acl": "public-read",
            "bucket": "terraformjanswebsite",
            "cache_control": "",
            "content": null,
            "content_base64": null,
            "content_disposition": "",
            "content_encoding": "",
            "content_language": "",
            "content_type": "binary/octet-stream",
            "etag": "15cb7faa02437c2f9719351c157fe7e7",
            "force_destroy": false,
            "id": "fonts/font-awesome-4.7.0/less/font-awesome.less",
            "key": "fonts/font-awesome-4.7.0/less/font-awesome.less",
            "kms_key_id": null,
            "metadata": {},
            "object_lock_legal_hold_status": "",
            "object_lock_mode": "",
            "object_lock_retain_until_date": "",
            "server_side_encryption": "",
            "source": "./website/fonts/font-awesome-4.7.0/less/font-awesome.less",
            "storage_class": "STANDARD",
            "tags": {},
            "version_id": "",
            "website_redirect": ""
          },
          "private": "bnVsbA==",
          "depends_on": [
            "aws_s3_bucket.main"
          ]
        },
        {
          "index_key": "fonts/font-awesome-4.7.0/less/icons.less",
          "schema_version": 0,
          "attributes": {
            "acl": "public-read",
            "bucket": "terraformjanswebsite",
            "cache_control": "",
            "content": null,
            "content_base64": null,
            "content_disposition": "",
            "content_encoding": "",
            "content_language": "",
            "content_type": "binary/octet-stream",
            "etag": "bf95b901c36b646ff457379bdcda94b7",
            "force_destroy": false,
            "id": "fonts/font-awesome-4.7.0/less/icons.less",
            "key": "fonts/font-awesome-4.7.0/less/icons.less",
            "kms_key_id": null,
            "metadata": {},
            "object_lock_legal_hold_status": "",
            "object_lock_mode": "",
            "object_lock_retain_until_date": "",
            "server_side_encryption": "",
            "source": "./website/fonts/font-awesome-4.7.0/less/icons.less",
            "storage_class": "STANDARD",
            "tags": {},
            "version_id": "",
            "website_redirect": ""
          },
          "private": "bnVsbA==",
          "depends_on": [
            "aws_s3_bucket.main"
          ]
        },
        {
          "index_key": "fonts/font-awesome-4.7.0/less/larger.less",
          "schema_version": 0,
          "attributes": {
            "acl": "public-read",
            "bucket": "terraformjanswebsite",
            "cache_control": "",
            "content": null,
            "content_base64": null,
            "content_disposition": "",
            "content_encoding": "",
            "content_language": "",
            "content_type": "binary/octet-stream",
            "etag": "8cb65280c0f889daf72626c21a7c8628",
            "force_destroy": false,
            "id": "fonts/font-awesome-4.7.0/less/larger.less",
            "key": "fonts/font-awesome-4.7.0/less/larger.less",
            "kms_key_id": null,
            "metadata": {},
            "object_lock_legal_hold_status": "",
            "object_lock_mode": "",
            "object_lock_retain_until_date": "",
            "server_side_encryption": "",
            "source": "./website/fonts/font-awesome-4.7.0/less/larger.less",
            "storage_class": "STANDARD",
            "tags": {},
            "version_id": "",
            "website_redirect": ""
          },
          "private": "bnVsbA==",
          "depends_on": [
            "aws_s3_bucket.main"
          ]
        },
        {
          "index_key": "fonts/font-awesome-4.7.0/less/list.less",
          "schema_version": 0,
          "attributes": {
            "acl": "public-read",
            "bucket": "terraformjanswebsite",
            "cache_control": "",
            "content": null,
            "content_base64": null,
            "content_disposition": "",
            "content_encoding": "",
            "content_language": "",
            "content_type": "binary/octet-stream",
            "etag": "975571323cf880a4a30601998236b027",
            "force_destroy": false,
            "id": "fonts/font-awesome-4.7.0/less/list.less",
            "key": "fonts/font-awesome-4.7.0/less/list.less",
            "kms_key_id": null,
            "metadata": {},
            "object_lock_legal_hold_status": "",
            "object_lock_mode": "",
            "object_lock_retain_until_date": "",
            "server_side_encryption": "",
            "source": "./website/fonts/font-awesome-4.7.0/less/list.less",
            "storage_class": "STANDARD",
            "tags": {},
            "version_id": "",
            "website_redirect": ""
          },
          "private": "bnVsbA==",
          "depends_on": [
            "aws_s3_bucket.main"
          ]
        },
        {
          "index_key": "fonts/font-awesome-4.7.0/less/mixins.less",
          "schema_version": 0,
          "attributes": {
            "acl": "public-read",
            "bucket": "terraformjanswebsite",
            "cache_control": "",
            "content": null,
            "content_base64": null,
            "content_disposition": "",
            "content_encoding": "",
            "content_language": "",
            "content_type": "binary/octet-stream",
            "etag": "fbb1f2f1ab96ba020c7f14208aac72b8",
            "force_destroy": false,
            "id": "fonts/font-awesome-4.7.0/less/mixins.less",
            "key": "fonts/font-awesome-4.7.0/less/mixins.less",
            "kms_key_id": null,
            "metadata": {},
            "object_lock_legal_hold_status": "",
            "object_lock_mode": "",
            "object_lock_retain_until_date": "",
            "server_side_encryption": "",
            "source": "./website/fonts/font-awesome-4.7.0/less/mixins.less",
            "storage_class": "STANDARD",
            "tags": {},
            "version_id": "",
            "website_redirect": ""
          },
          "private": "bnVsbA==",
          "depends_on": [
            "aws_s3_bucket.main"
          ]
        },
        {
          "index_key": "fonts/font-awesome-4.7.0/less/path.less",
          "schema_version": 0,
          "attributes": {
            "acl": "public-read",
            "bucket": "terraformjanswebsite",
            "cache_control": "",
            "content": null,
            "content_base64": null,
            "content_disposition": "",
            "content_encoding": "",
            "content_language": "",
            "content_type": "binary/octet-stream",
            "etag": "a8c41460c42a4fe9e98550f00c8b3f19",
            "force_destroy": false,
            "id": "fonts/font-awesome-4.7.0/less/path.less",
            "key": "fonts/font-awesome-4.7.0/less/path.less",
            "kms_key_id": null,
            "metadata": {},
            "object_lock_legal_hold_status": "",
            "object_lock_mode": "",
            "object_lock_retain_until_date": "",
            "server_side_encryption": "",
            "source": "./website/fonts/font-awesome-4.7.0/less/path.less",
            "storage_class": "STANDARD",
            "tags": {},
            "version_id": "",
            "website_redirect": ""
          },
          "private": "bnVsbA==",
          "depends_on": [
            "aws_s3_bucket.main"
          ]
        },
        {
          "index_key": "fonts/font-awesome-4.7.0/less/rotated-flipped.less",
          "schema_version": 0,
          "attributes": {
            "acl": "public-read",
            "bucket": "terraformjanswebsite",
            "cache_control": "",
            "content": null,
            "content_base64": null,
            "content_disposition": "",
            "content_encoding": "",
            "content_language": "",
            "content_type": "binary/octet-stream",
            "etag": "a8476cdc50c264abd11ff59d6a9dd025",
            "force_destroy": false,
            "id": "fonts/font-awesome-4.7.0/less/rotated-flipped.less",
            "key": "fonts/font-awesome-4.7.0/less/rotated-flipped.less",
            "kms_key_id": null,
            "metadata": {},
            "object_lock_legal_hold_status": "",
            "object_lock_mode": "",
            "object_lock_retain_until_date": "",
            "server_side_encryption": "",
            "source": "./website/fonts/font-awesome-4.7.0/less/rotated-flipped.less",
            "storage_class": "STANDARD",
            "tags": {},
            "version_id": "",
            "website_redirect": ""
          },
          "private": "bnVsbA==",
          "depends_on": [
            "aws_s3_bucket.main"
          ]
        },
        {
          "index_key": "fonts/font-awesome-4.7.0/less/screen-reader.less",
          "schema_version": 0,
          "attributes": {
            "acl": "public-read",
            "bucket": "terraformjanswebsite",
            "cache_control": "",
            "content": null,
            "content_base64": null,
            "content_disposition": "",
            "content_encoding": "",
            "content_language": "",
            "content_type": "binary/octet-stream",
            "etag": "0f881617264587bef0df6ce92253ecea",
            "force_destroy": false,
            "id": "fonts/font-awesome-4.7.0/less/screen-reader.less",
            "key": "fonts/font-awesome-4.7.0/less/screen-reader.less",
            "kms_key_id": null,
            "metadata": {},
            "object_lock_legal_hold_status": "",
            "object_lock_mode": "",
            "object_lock_retain_until_date": "",
            "server_side_encryption": "",
            "source": "./website/fonts/font-awesome-4.7.0/less/screen-reader.less",
            "storage_class": "STANDARD",
            "tags": {},
            "version_id": "",
            "website_redirect": ""
          },
          "private": "bnVsbA==",
          "depends_on": [
            "aws_s3_bucket.main"
          ]
        },
        {
          "index_key": "fonts/font-awesome-4.7.0/less/stacked.less",
          "schema_version": 0,
          "attributes": {
            "acl": "public-read",
            "bucket": "terraformjanswebsite",
            "cache_control": "",
            "content": null,
            "content_base64": null,
            "content_disposition": "",
            "content_encoding": "",
            "content_language": "",
            "content_type": "binary/octet-stream",
            "etag": "518e2b2d263982d2caa1e6514b4b4eac",
            "force_destroy": false,
            "id": "fonts/font-awesome-4.7.0/less/stacked.less",
            "key": "fonts/font-awesome-4.7.0/less/stacked.less",
            "kms_key_id": null,
            "metadata": {},
            "object_lock_legal_hold_status": "",
            "object_lock_mode": "",
            "object_lock_retain_until_date": "",
            "server_side_encryption": "",
            "source": "./website/fonts/font-awesome-4.7.0/less/stacked.less",
            "storage_class": "STANDARD",
            "tags": {},
            "version_id": "",
            "website_redirect": ""
          },
          "private": "bnVsbA==",
          "depends_on": [
            "aws_s3_bucket.main"
          ]
        },
        {
          "index_key": "fonts/font-awesome-4.7.0/less/variables.less",
          "schema_version": 0,
          "attributes": {
            "acl": "public-read",
            "bucket": "terraformjanswebsite",
            "cache_control": "",
            "content": null,
            "content_base64": null,
            "content_disposition": "",
            "content_encoding": "",
            "content_language": "",
            "content_type": "binary/octet-stream",
            "etag": "be3f6eed38aa909483e1bd9ee0876e80",
            "force_destroy": false,
            "id": "fonts/font-awesome-4.7.0/less/variables.less",
            "key": "fonts/font-awesome-4.7.0/less/variables.less",
            "kms_key_id": null,
            "metadata": {},
            "object_lock_legal_hold_status": "",
            "object_lock_mode": "",
            "object_lock_retain_until_date": "",
            "server_side_encryption": "",
            "source": "./website/fonts/font-awesome-4.7.0/less/variables.less",
            "storage_class": "STANDARD",
            "tags": {},
            "version_id": "",
            "website_redirect": ""
          },
          "private": "bnVsbA==",
          "depends_on": [
            "aws_s3_bucket.main"
          ]
        },
        {
          "index_key": "fonts/font-awesome-4.7.0/scss/_animated.scss",
          "schema_version": 0,
          "attributes": {
            "acl": "public-read",
            "bucket": "terraformjanswebsite",
            "cache_control": "",
            "content": null,
            "content_base64": null,
            "content_disposition": "",
            "content_encoding": "",
            "content_language": "",
            "content_type": "binary/octet-stream",
            "etag": "39ff4f359a7b81d6585075715f41e5dc",
            "force_destroy": false,
            "id": "fonts/font-awesome-4.7.0/scss/_animated.scss",
            "key": "fonts/font-awesome-4.7.0/scss/_animated.scss",
            "kms_key_id": null,
            "metadata": {},
            "object_lock_legal_hold_status": "",
            "object_lock_mode": "",
            "object_lock_retain_until_date": "",
            "server_side_encryption": "",
            "source": "./website/fonts/font-awesome-4.7.0/scss/_animated.scss",
            "storage_class": "STANDARD",
            "tags": {},
            "version_id": "",
            "website_redirect": ""
          },
          "private": "bnVsbA==",
          "depends_on": [
            "aws_s3_bucket.main"
          ]
        },
        {
          "index_key": "fonts/font-awesome-4.7.0/scss/_bordered-pulled.scss",
          "schema_version": 0,
          "attributes": {
            "acl": "public-read",
            "bucket": "terraformjanswebsite",
            "cache_control": "",
            "content": null,
            "content_base64": null,
            "content_disposition": "",
            "content_encoding": "",
            "content_language": "",
            "content_type": "binary/octet-stream",
            "etag": "4cad0df17bf40327feae33fa9a6c6ba2",
            "force_destroy": false,
            "id": "fonts/font-awesome-4.7.0/scss/_bordered-pulled.scss",
            "key": "fonts/font-awesome-4.7.0/scss/_bordered-pulled.scss",
            "kms_key_id": null,
            "metadata": {},
            "object_lock_legal_hold_status": "",
            "object_lock_mode": "",
            "object_lock_retain_until_date": "",
            "server_side_encryption": "",
            "source": "./website/fonts/font-awesome-4.7.0/scss/_bordered-pulled.scss",
            "storage_class": "STANDARD",
            "tags": {},
            "version_id": "",
            "website_redirect": ""
          },
          "private": "bnVsbA==",
          "depends_on": [
            "aws_s3_bucket.main"
          ]
        },
        {
          "index_key": "fonts/font-awesome-4.7.0/scss/_core.scss",
          "schema_version": 0,
          "attributes": {
            "acl": "public-read",
            "bucket": "terraformjanswebsite",
            "cache_control": "",
            "content": null,
            "content_base64": null,
            "content_disposition": "",
            "content_encoding": "",
            "content_language": "",
            "content_type": "binary/octet-stream",
            "etag": "ef059a98cf9de6ca5b77ee6850771cf0",
            "force_destroy": false,
            "id": "fonts/font-awesome-4.7.0/scss/_core.scss",
            "key": "fonts/font-awesome-4.7.0/scss/_core.scss",
            "kms_key_id": null,
            "metadata": {},
            "object_lock_legal_hold_status": "",
            "object_lock_mode": "",
            "object_lock_retain_until_date": "",
            "server_side_encryption": "",
            "source": "./website/fonts/font-awesome-4.7.0/scss/_core.scss",
            "storage_class": "STANDARD",
            "tags": {},
            "version_id": "",
            "website_redirect": ""
          },
          "private": "bnVsbA==",
          "depends_on": [
            "aws_s3_bucket.main"
          ]
        },
        {
          "index_key": "fonts/font-awesome-4.7.0/scss/_fixed-width.scss",
          "schema_version": 0,
          "attributes": {
            "acl": "public-read",
            "bucket": "terraformjanswebsite",
            "cache_control": "",
            "content": null,
            "content_base64": null,
            "content_disposition": "",
            "content_encoding": "",
            "content_language": "",
            "content_type": "binary/octet-stream",
            "etag": "9277ab6964a434d499873687b00be906",
            "force_destroy": false,
            "id": "fonts/font-awesome-4.7.0/scss/_fixed-width.scss",
            "key": "fonts/font-awesome-4.7.0/scss/_fixed-width.scss",
            "kms_key_id": null,
            "metadata": {},
            "object_lock_legal_hold_status": "",
            "object_lock_mode": "",
            "object_lock_retain_until_date": "",
            "server_side_encryption": "",
            "source": "./website/fonts/font-awesome-4.7.0/scss/_fixed-width.scss",
            "storage_class": "STANDARD",
            "tags": {},
            "version_id": "",
            "website_redirect": ""
          },
          "private": "bnVsbA==",
          "depends_on": [
            "aws_s3_bucket.main"
          ]
        },
        {
          "index_key": "fonts/font-awesome-4.7.0/scss/_icons.scss",
          "schema_version": 0,
          "attributes": {
            "acl": "public-read",
            "bucket": "terraformjanswebsite",
            "cache_control": "",
            "content": null,
            "content_base64": null,
            "content_disposition": "",
            "content_encoding": "",
            "content_language": "",
            "content_type": "binary/octet-stream",
            "etag": "de9fa842ad0b619a95ac4f42ac6ba930",
            "force_destroy": false,
            "id": "fonts/font-awesome-4.7.0/scss/_icons.scss",
            "key": "fonts/font-awesome-4.7.0/scss/_icons.scss",
            "kms_key_id": null,
            "metadata": {},
            "object_lock_legal_hold_status": "",
            "object_lock_mode": "",
            "object_lock_retain_until_date": "",
            "server_side_encryption": "",
            "source": "./website/fonts/font-awesome-4.7.0/scss/_icons.scss",
            "storage_class": "STANDARD",
            "tags": {},
            "version_id": "",
            "website_redirect": ""
          },
          "private": "bnVsbA==",
          "depends_on": [
            "aws_s3_bucket.main"
          ]
        },
        {
          "index_key": "fonts/font-awesome-4.7.0/scss/_larger.scss",
          "schema_version": 0,
          "attributes": {
            "acl": "public-read",
            "bucket": "terraformjanswebsite",
            "cache_control": "",
            "content": null,
            "content_base64": null,
            "content_disposition": "",
            "content_encoding": "",
            "content_language": "",
            "content_type": "binary/octet-stream",
            "etag": "e95931566f6fc6ad5685c4fa9802e206",
            "force_destroy": false,
            "id": "fonts/font-awesome-4.7.0/scss/_larger.scss",
            "key": "fonts/font-awesome-4.7.0/scss/_larger.scss",
            "kms_key_id": null,
            "metadata": {},
            "object_lock_legal_hold_status": "",
            "object_lock_mode": "",
            "object_lock_retain_until_date": "",
            "server_side_encryption": "",
            "source": "./website/fonts/font-awesome-4.7.0/scss/_larger.scss",
            "storage_class": "STANDARD",
            "tags": {},
            "version_id": "",
            "website_redirect": ""
          },
          "private": "bnVsbA==",
          "depends_on": [
            "aws_s3_bucket.main"
          ]
        },
        {
          "index_key": "fonts/font-awesome-4.7.0/scss/_list.scss",
          "schema_version": 0,
          "attributes": {
            "acl": "public-read",
            "bucket": "terraformjanswebsite",
            "cache_control": "",
            "content": null,
            "content_base64": null,
            "content_disposition": "",
            "content_encoding": "",
            "content_language": "",
            "content_type": "binary/octet-stream",
            "etag": "7107e80b053928271d5fcf422dc29490",
            "force_destroy": false,
            "id": "fonts/font-awesome-4.7.0/scss/_list.scss",
            "key": "fonts/font-awesome-4.7.0/scss/_list.scss",
            "kms_key_id": null,
            "metadata": {},
            "object_lock_legal_hold_status": "",
            "object_lock_mode": "",
            "object_lock_retain_until_date": "",
            "server_side_encryption": "",
            "source": "./website/fonts/font-awesome-4.7.0/scss/_list.scss",
            "storage_class": "STANDARD",
            "tags": {},
            "version_id": "",
            "website_redirect": ""
          },
          "private": "bnVsbA==",
          "depends_on": [
            "aws_s3_bucket.main"
          ]
        },
        {
          "index_key": "fonts/font-awesome-4.7.0/scss/_mixins.scss",
          "schema_version": 0,
          "attributes": {
            "acl": "public-read",
            "bucket": "terraformjanswebsite",
            "cache_control": "",
            "content": null,
            "content_base64": null,
            "content_disposition": "",
            "content_encoding": "",
            "content_language": "",
            "content_type": "binary/octet-stream",
            "etag": "aa2b8f32b403733713d8885f14ab86cc",
            "force_destroy": false,
            "id": "fonts/font-awesome-4.7.0/scss/_mixins.scss",
            "key": "fonts/font-awesome-4.7.0/scss/_mixins.scss",
            "kms_key_id": null,
            "metadata": {},
            "object_lock_legal_hold_status": "",
            "object_lock_mode": "",
            "object_lock_retain_until_date": "",
            "server_side_encryption": "",
            "source": "./website/fonts/font-awesome-4.7.0/scss/_mixins.scss",
            "storage_class": "STANDARD",
            "tags": {},
            "version_id": "",
            "website_redirect": ""
          },
          "private": "bnVsbA==",
          "depends_on": [
            "aws_s3_bucket.main"
          ]
        },
        {
          "index_key": "fonts/font-awesome-4.7.0/scss/_path.scss",
          "schema_version": 0,
          "attributes": {
            "acl": "public-read",
            "bucket": "terraformjanswebsite",
            "cache_control": "",
            "content": null,
            "content_base64": null,
            "content_disposition": "",
            "content_encoding": "",
            "content_language": "",
            "content_type": "binary/octet-stream",
            "etag": "ab5a9e8388563e097b5ce835601f01d2",
            "force_destroy": false,
            "id": "fonts/font-awesome-4.7.0/scss/_path.scss",
            "key": "fonts/font-awesome-4.7.0/scss/_path.scss",
            "kms_key_id": null,
            "metadata": {},
            "object_lock_legal_hold_status": "",
            "object_lock_mode": "",
            "object_lock_retain_until_date": "",
            "server_side_encryption": "",
            "source": "./website/fonts/font-awesome-4.7.0/scss/_path.scss",
            "storage_class": "STANDARD",
            "tags": {},
            "version_id": "",
            "website_redirect": ""
          },
          "private": "bnVsbA==",
          "depends_on": [
            "aws_s3_bucket.main"
          ]
        },
        {
          "index_key": "fonts/font-awesome-4.7.0/scss/_rotated-flipped.scss",
          "schema_version": 0,
          "attributes": {
            "acl": "public-read",
            "bucket": "terraformjanswebsite",
            "cache_control": "",
            "content": null,
            "content_base64": null,
            "content_disposition": "",
            "content_encoding": "",
            "content_language": "",
            "content_type": "binary/octet-stream",
            "etag": "9f5d4bc6fadea89328d2aac26574a9d8",
            "force_destroy": false,
            "id": "fonts/font-awesome-4.7.0/scss/_rotated-flipped.scss",
            "key": "fonts/font-awesome-4.7.0/scss/_rotated-flipped.scss",
            "kms_key_id": null,
            "metadata": {},
            "object_lock_legal_hold_status": "",
            "object_lock_mode": "",
            "object_lock_retain_until_date": "",
            "server_side_encryption": "",
            "source": "./website/fonts/font-awesome-4.7.0/scss/_rotated-flipped.scss",
            "storage_class": "STANDARD",
            "tags": {},
            "version_id": "",
            "website_redirect": ""
          },
          "private": "bnVsbA==",
          "depends_on": [
            "aws_s3_bucket.main"
          ]
        },
        {
          "index_key": "fonts/font-awesome-4.7.0/scss/_screen-reader.scss",
          "schema_version": 0,
          "attributes": {
            "acl": "public-read",
            "bucket": "terraformjanswebsite",
            "cache_control": "",
            "content": null,
            "content_base64": null,
            "content_disposition": "",
            "content_encoding": "",
            "content_language": "",
            "content_type": "binary/octet-stream",
            "etag": "8907bd7dbf4799e8120bda5568d76fea",
            "force_destroy": false,
            "id": "fonts/font-awesome-4.7.0/scss/_screen-reader.scss",
            "key": "fonts/font-awesome-4.7.0/scss/_screen-reader.scss",
            "kms_key_id": null,
            "metadata": {},
            "object_lock_legal_hold_status": "",
            "object_lock_mode": "",
            "object_lock_retain_until_date": "",
            "server_side_encryption": "",
            "source": "./website/fonts/font-awesome-4.7.0/scss/_screen-reader.scss",
            "storage_class": "STANDARD",
            "tags": {},
            "version_id": "",
            "website_redirect": ""
          },
          "private": "bnVsbA==",
          "depends_on": [
            "aws_s3_bucket.main"
          ]
        },
        {
          "index_key": "fonts/font-awesome-4.7.0/scss/_stacked.scss",
          "schema_version": 0,
          "attributes": {
            "acl": "public-read",
            "bucket": "terraformjanswebsite",
            "cache_control": "",
            "content": null,
            "content_base64": null,
            "content_disposition": "",
            "content_encoding": "",
            "content_language": "",
            "content_type": "binary/octet-stream",
            "etag": "5594237226aedfbca2fa1c7f4604c214",
            "force_destroy": false,
            "id": "fonts/font-awesome-4.7.0/scss/_stacked.scss",
            "key": "fonts/font-awesome-4.7.0/scss/_stacked.scss",
            "kms_key_id": null,
            "metadata": {},
            "object_lock_legal_hold_status": "",
            "object_lock_mode": "",
            "object_lock_retain_until_date": "",
            "server_side_encryption": "",
            "source": "./website/fonts/font-awesome-4.7.0/scss/_stacked.scss",
            "storage_class": "STANDARD",
            "tags": {},
            "version_id": "",
            "website_redirect": ""
          },
          "private": "bnVsbA==",
          "depends_on": [
            "aws_s3_bucket.main"
          ]
        },
        {
          "index_key": "fonts/font-awesome-4.7.0/scss/_variables.scss",
          "schema_version": 0,
          "attributes": {
            "acl": "public-read",
            "bucket": "terraformjanswebsite",
            "cache_control": "",
            "content": null,
            "content_base64": null,
            "content_disposition": "",
            "content_encoding": "",
            "content_language": "",
            "content_type": "binary/octet-stream",
            "etag": "dc5261f37a8a01feeb52a746d16c0459",
            "force_destroy": false,
            "id": "fonts/font-awesome-4.7.0/scss/_variables.scss",
            "key": "fonts/font-awesome-4.7.0/scss/_variables.scss",
            "kms_key_id": null,
            "metadata": {},
            "object_lock_legal_hold_status": "",
            "object_lock_mode": "",
            "object_lock_retain_until_date": "",
            "server_side_encryption": "",
            "source": "./website/fonts/font-awesome-4.7.0/scss/_variables.scss",
            "storage_class": "STANDARD",
            "tags": {},
            "version_id": "",
            "website_redirect": ""
          },
          "private": "bnVsbA==",
          "depends_on": [
            "aws_s3_bucket.main"
          ]
        },
        {
          "index_key": "fonts/font-awesome-4.7.0/scss/font-awesome.scss",
          "schema_version": 0,
          "attributes": {
            "acl": "public-read",
            "bucket": "terraformjanswebsite",
            "cache_control": "",
            "content": null,
            "content_base64": null,
            "content_disposition": "",
            "content_encoding": "",
            "content_language": "",
            "content_type": "binary/octet-stream",
            "etag": "8c015559216d1654630a839b61c6b83d",
            "force_destroy": false,
            "id": "fonts/font-awesome-4.7.0/scss/font-awesome.scss",
            "key": "fonts/font-awesome-4.7.0/scss/font-awesome.scss",
            "kms_key_id": null,
            "metadata": {},
            "object_lock_legal_hold_status": "",
            "object_lock_mode": "",
            "object_lock_retain_until_date": "",
            "server_side_encryption": "",
            "source": "./website/fonts/font-awesome-4.7.0/scss/font-awesome.scss",
            "storage_class": "STANDARD",
            "tags": {},
            "version_id": "",
            "website_redirect": ""
          },
          "private": "bnVsbA==",
          "depends_on": [
            "aws_s3_bucket.main"
          ]
        },
        {
          "index_key": "images/bg01.jpg",
          "schema_version": 0,
          "attributes": {
            "acl": "public-read",
            "bucket": "terraformjanswebsite",
            "cache_control": "",
            "content": null,
            "content_base64": null,
            "content_disposition": "",
            "content_encoding": "",
            "content_language": "",
            "content_type": "binary/octet-stream",
            "etag": "b8b4746db005c0cc1b286255af5b7176",
            "force_destroy": false,
            "id": "images/bg01.jpg",
            "key": "images/bg01.jpg",
            "kms_key_id": null,
            "metadata": {},
            "object_lock_legal_hold_status": "",
            "object_lock_mode": "",
            "object_lock_retain_until_date": "",
            "server_side_encryption": "",
            "source": "./website/images/bg01.jpg",
            "storage_class": "STANDARD",
            "tags": {},
            "version_id": "",
            "website_redirect": ""
          },
          "private": "bnVsbA==",
          "depends_on": [
            "aws_s3_bucket.main"
          ]
        },
        {
          "index_key": "images/bg02.jpg",
          "schema_version": 0,
          "attributes": {
            "acl": "public-read",
            "bucket": "terraformjanswebsite",
            "cache_control": "",
            "content": null,
            "content_base64": null,
            "content_disposition": "",
            "content_encoding": "",
            "content_language": "",
            "content_type": "binary/octet-stream",
            "etag": "5a14773fe264fb3882f49e3011a6caec",
            "force_destroy": false,
            "id": "images/bg02.jpg",
            "key": "images/bg02.jpg",
            "kms_key_id": null,
            "metadata": {},
            "object_lock_legal_hold_status": "",
            "object_lock_mode": "",
            "object_lock_retain_until_date": "",
            "server_side_encryption": "",
            "source": "./website/images/bg02.jpg",
            "storage_class": "STANDARD",
            "tags": {},
            "version_id": "",
            "website_redirect": ""
          },
          "private": "bnVsbA==",
          "depends_on": [
            "aws_s3_bucket.main"
          ]
        },
        {
          "index_key": "images/bg03.jpg",
          "schema_version": 0,
          "attributes": {
            "acl": "public-read",
            "bucket": "terraformjanswebsite",
            "cache_control": "",
            "content": null,
            "content_base64": null,
            "content_disposition": "",
            "content_encoding": "",
            "content_language": "",
            "content_type": "binary/octet-stream",
            "etag": "730e0d9d09eb227672371aac2369bc36",
            "force_destroy": false,
            "id": "images/bg03.jpg",
            "key": "images/bg03.jpg",
            "kms_key_id": null,
            "metadata": {},
            "object_lock_legal_hold_status": "",
            "object_lock_mode": "",
            "object_lock_retain_until_date": "",
            "server_side_encryption": "",
            "source": "./website/images/bg03.jpg",
            "storage_class": "STANDARD",
            "tags": {},
            "version_id": "",
            "website_redirect": ""
          },
          "private": "bnVsbA==",
          "depends_on": [
            "aws_s3_bucket.main"
          ]
        },
        {
          "index_key": "images/icons/favicon.ico",
          "schema_version": 0,
          "attributes": {
            "acl": "public-read",
            "bucket": "terraformjanswebsite",
            "cache_control": "",
            "content": null,
            "content_base64": null,
            "content_disposition": "",
            "content_encoding": "",
            "content_language": "",
            "content_type": "binary/octet-stream",
            "etag": "7d4140c76bf7648531683bfa4f7f8c22",
            "force_destroy": false,
            "id": "images/icons/favicon.ico",
            "key": "images/icons/favicon.ico",
            "kms_key_id": null,
            "metadata": {},
            "object_lock_legal_hold_status": "",
            "object_lock_mode": "",
            "object_lock_retain_until_date": "",
            "server_side_encryption": "",
            "source": "./website/images/icons/favicon.ico",
            "storage_class": "STANDARD",
            "tags": {},
            "version_id": "",
            "website_redirect": ""
          },
          "private": "bnVsbA==",
          "depends_on": [
            "aws_s3_bucket.main"
          ]
        },
        {
          "index_key": "images/icons/logo.png",
          "schema_version": 0,
          "attributes": {
            "acl": "public-read",
            "bucket": "terraformjanswebsite",
            "cache_control": "",
            "content": null,
            "content_base64": null,
            "content_disposition": "",
            "content_encoding": "",
            "content_language": "",
            "content_type": "binary/octet-stream",
            "etag": "645477b5353257d5ef47ccd7a8831b06",
            "force_destroy": false,
            "id": "images/icons/logo.png",
            "key": "images/icons/logo.png",
            "kms_key_id": null,
            "metadata": {},
            "object_lock_legal_hold_status": "",
            "object_lock_mode": "",
            "object_lock_retain_until_date": "",
            "server_side_encryption": "",
            "source": "./website/images/icons/logo.png",
            "storage_class": "STANDARD",
            "tags": {},
            "version_id": "",
            "website_redirect": ""
          },
          "private": "bnVsbA==",
          "depends_on": [
            "aws_s3_bucket.main"
          ]
        },
        {
          "index_key": "images/icons/video-16-9.jpg",
          "schema_version": 0,
          "attributes": {
            "acl": "public-read",
            "bucket": "terraformjanswebsite",
            "cache_control": "",
            "content": null,
            "content_base64": null,
            "content_disposition": "",
            "content_encoding": "",
            "content_language": "",
            "content_type": "binary/octet-stream",
            "etag": "e9c55c068b0eee2f8865875c435cd5c1",
            "force_destroy": false,
            "id": "images/icons/video-16-9.jpg",
            "key": "images/icons/video-16-9.jpg",
            "kms_key_id": null,
            "metadata": {},
            "object_lock_legal_hold_status": "",
            "object_lock_mode": "",
            "object_lock_retain_until_date": "",
            "server_side_encryption": "",
            "source": "./website/images/icons/video-16-9.jpg",
            "storage_class": "STANDARD",
            "tags": {},
            "version_id": "",
            "website_redirect": ""
          },
          "private": "bnVsbA==",
          "depends_on": [
            "aws_s3_bucket.main"
          ]
        },
        {
          "index_key": "index.html",
          "schema_version": 0,
          "attributes": {
            "acl": "public-read",
            "bucket": "terraformjanswebsite",
            "cache_control": "",
            "content": null,
            "content_base64": null,
            "content_disposition": "",
            "content_encoding": "",
            "content_language": "",
            "content_type": "text/html",
            "etag": "e5089dfb1e9fbeb8a89acce4998656ba",
            "force_destroy": false,
            "id": "index.html",
            "key": "index.html",
            "kms_key_id": null,
            "metadata": {},
            "object_lock_legal_hold_status": "",
            "object_lock_mode": "",
            "object_lock_retain_until_date": "",
            "server_side_encryption": "",
            "source": "./website/index.html",
            "storage_class": "STANDARD",
            "tags": {},
            "version_id": "",
            "website_redirect": ""
          },
          "private": "bnVsbA==",
          "depends_on": [
            "aws_s3_bucket.main"
          ]
        },
        {
          "index_key": "js/main.js",
          "schema_version": 0,
          "attributes": {
            "acl": "public-read",
            "bucket": "terraformjanswebsite",
            "cache_control": "",
            "content": null,
            "content_base64": null,
            "content_disposition": "",
            "content_encoding": "",
            "content_language": "",
            "content_type": "application/javascript",
            "etag": "1bfa27476d9b2b9fbb971facd4f84fd7",
            "force_destroy": false,
            "id": "js/main.js",
            "key": "js/main.js",
            "kms_key_id": null,
            "metadata": {},
            "object_lock_legal_hold_status": "",
            "object_lock_mode": "",
            "object_lock_retain_until_date": "",
            "server_side_encryption": "",
            "source": "./website/js/main.js",
            "storage_class": "STANDARD",
            "tags": {},
            "version_id": "",
            "website_redirect": ""
          },
          "private": "bnVsbA==",
          "depends_on": [
            "aws_s3_bucket.main"
          ]
        },
        {
          "index_key": "vendor/animate/animate.css",
          "schema_version": 0,
          "attributes": {
            "acl": "public-read",
            "bucket": "terraformjanswebsite",
            "cache_control": "",
            "content": null,
            "content_base64": null,
            "content_disposition": "",
            "content_encoding": "",
            "content_language": "",
            "content_type": "text/css",
            "etag": "57db4a2811f951ff841fb4f77220d95b",
            "force_destroy": false,
            "id": "vendor/animate/animate.css",
            "key": "vendor/animate/animate.css",
            "kms_key_id": null,
            "metadata": {},
            "object_lock_legal_hold_status": "",
            "object_lock_mode": "",
            "object_lock_retain_until_date": "",
            "server_side_encryption": "",
            "source": "./website/vendor/animate/animate.css",
            "storage_class": "STANDARD",
            "tags": {},
            "version_id": "",
            "website_redirect": ""
          },
          "private": "bnVsbA==",
          "depends_on": [
            "aws_s3_bucket.main"
          ]
        },
        {
          "index_key": "vendor/bootstrap/css/bootstrap-grid.css",
          "schema_version": 0,
          "attributes": {
            "acl": "public-read",
            "bucket": "terraformjanswebsite",
            "cache_control": "",
            "content": null,
            "content_base64": null,
            "content_disposition": "",
            "content_encoding": "",
            "content_language": "",
            "content_type": "text/css",
            "etag": "68dba5af0b67aa3883774411b3618c39",
            "force_destroy": false,
            "id": "vendor/bootstrap/css/bootstrap-grid.css",
            "key": "vendor/bootstrap/css/bootstrap-grid.css",
            "kms_key_id": null,
            "metadata": {},
            "object_lock_legal_hold_status": "",
            "object_lock_mode": "",
            "object_lock_retain_until_date": "",
            "server_side_encryption": "",
            "source": "./website/vendor/bootstrap/css/bootstrap-grid.css",
            "storage_class": "STANDARD",
            "tags": {},
            "version_id": "",
            "website_redirect": ""
          },
          "private": "bnVsbA==",
          "depends_on": [
            "aws_s3_bucket.main"
          ]
        },
        {
          "index_key": "vendor/bootstrap/css/bootstrap-grid.css.map",
          "schema_version": 0,
          "attributes": {
            "acl": "public-read",
            "bucket": "terraformjanswebsite",
            "cache_control": "",
            "content": null,
            "content_base64": null,
            "content_disposition": "",
            "content_encoding": "",
            "content_language": "",
            "content_type": "binary/octet-stream",
            "etag": "fc60e0b490ec432d37a0577b78aa87a4",
            "force_destroy": false,
            "id": "vendor/bootstrap/css/bootstrap-grid.css.map",
            "key": "vendor/bootstrap/css/bootstrap-grid.css.map",
            "kms_key_id": null,
            "metadata": {},
            "object_lock_legal_hold_status": "",
            "object_lock_mode": "",
            "object_lock_retain_until_date": "",
            "server_side_encryption": "",
            "source": "./website/vendor/bootstrap/css/bootstrap-grid.css.map",
            "storage_class": "STANDARD",
            "tags": {},
            "version_id": "",
            "website_redirect": ""
          },
          "private": "bnVsbA==",
          "depends_on": [
            "aws_s3_bucket.main"
          ]
        },
        {
          "index_key": "vendor/bootstrap/css/bootstrap-grid.min.css",
          "schema_version": 0,
          "attributes": {
            "acl": "public-read",
            "bucket": "terraformjanswebsite",
            "cache_control": "",
            "content": null,
            "content_base64": null,
            "content_disposition": "",
            "content_encoding": "",
            "content_language": "",
            "content_type": "text/css",
            "etag": "81ac95ea7a4acdd9b0127da751669753",
            "force_destroy": false,
            "id": "vendor/bootstrap/css/bootstrap-grid.min.css",
            "key": "vendor/bootstrap/css/bootstrap-grid.min.css",
            "kms_key_id": null,
            "metadata": {},
            "object_lock_legal_hold_status": "",
            "object_lock_mode": "",
            "object_lock_retain_until_date": "",
            "server_side_encryption": "",
            "source": "./website/vendor/bootstrap/css/bootstrap-grid.min.css",
            "storage_class": "STANDARD",
            "tags": {},
            "version_id": "",
            "website_redirect": ""
          },
          "private": "bnVsbA==",
          "depends_on": [
            "aws_s3_bucket.main"
          ]
        },
        {
          "index_key": "vendor/bootstrap/css/bootstrap-grid.min.css.map",
          "schema_version": 0,
          "attributes": {
            "acl": "public-read",
            "bucket": "terraformjanswebsite",
            "cache_control": "",
            "content": null,
            "content_base64": null,
            "content_disposition": "",
            "content_encoding": "",
            "content_language": "",
            "content_type": "binary/octet-stream",
            "etag": "94ffff228ac3ccec50b33355f0319bd8",
            "force_destroy": false,
            "id": "vendor/bootstrap/css/bootstrap-grid.min.css.map",
            "key": "vendor/bootstrap/css/bootstrap-grid.min.css.map",
            "kms_key_id": null,
            "metadata": {},
            "object_lock_legal_hold_status": "",
            "object_lock_mode": "",
            "object_lock_retain_until_date": "",
            "server_side_encryption": "",
            "source": "./website/vendor/bootstrap/css/bootstrap-grid.min.css.map",
            "storage_class": "STANDARD",
            "tags": {},
            "version_id": "",
            "website_redirect": ""
          },
          "private": "bnVsbA==",
          "depends_on": [
            "aws_s3_bucket.main"
          ]
        },
        {
          "index_key": "vendor/bootstrap/css/bootstrap-reboot.css",
          "schema_version": 0,
          "attributes": {
            "acl": "public-read",
            "bucket": "terraformjanswebsite",
            "cache_control": "",
            "content": null,
            "content_base64": null,
            "content_disposition": "",
            "content_encoding": "",
            "content_language": "",
            "content_type": "text/css",
            "etag": "300fc510017f6189e0c1b85eb439501e",
            "force_destroy": false,
            "id": "vendor/bootstrap/css/bootstrap-reboot.css",
            "key": "vendor/bootstrap/css/bootstrap-reboot.css",
            "kms_key_id": null,
            "metadata": {},
            "object_lock_legal_hold_status": "",
            "object_lock_mode": "",
            "object_lock_retain_until_date": "",
            "server_side_encryption": "",
            "source": "./website/vendor/bootstrap/css/bootstrap-reboot.css",
            "storage_class": "STANDARD",
            "tags": {},
            "version_id": "",
            "website_redirect": ""
          },
          "private": "bnVsbA==",
          "depends_on": [
            "aws_s3_bucket.main"
          ]
        },
        {
          "index_key": "vendor/bootstrap/css/bootstrap-reboot.css.map",
          "schema_version": 0,
          "attributes": {
            "acl": "public-read",
            "bucket": "terraformjanswebsite",
            "cache_control": "",
            "content": null,
            "content_base64": null,
            "content_disposition": "",
            "content_encoding": "",
            "content_language": "",
            "content_type": "binary/octet-stream",
            "etag": "2d191e244cc62e75a19f9eb71ee4e60d",
            "force_destroy": false,
            "id": "vendor/bootstrap/css/bootstrap-reboot.css.map",
            "key": "vendor/bootstrap/css/bootstrap-reboot.css.map",
            "kms_key_id": null,
            "metadata": {},
            "object_lock_legal_hold_status": "",
            "object_lock_mode": "",
            "object_lock_retain_until_date": "",
            "server_side_encryption": "",
            "source": "./website/vendor/bootstrap/css/bootstrap-reboot.css.map",
            "storage_class": "STANDARD",
            "tags": {},
            "version_id": "",
            "website_redirect": ""
          },
          "private": "bnVsbA==",
          "depends_on": [
            "aws_s3_bucket.main"
          ]
        },
        {
          "index_key": "vendor/bootstrap/css/bootstrap-reboot.min.css",
          "schema_version": 0,
          "attributes": {
            "acl": "public-read",
            "bucket": "terraformjanswebsite",
            "cache_control": "",
            "content": null,
            "content_base64": null,
            "content_disposition": "",
            "content_encoding": "",
            "content_language": "",
            "content_type": "text/css",
            "etag": "28ed2bcac51850865268529c73c20e6b",
            "force_destroy": false,
            "id": "vendor/bootstrap/css/bootstrap-reboot.min.css",
            "key": "vendor/bootstrap/css/bootstrap-reboot.min.css",
            "kms_key_id": null,
            "metadata": {},
            "object_lock_legal_hold_status": "",
            "object_lock_mode": "",
            "object_lock_retain_until_date": "",
            "server_side_encryption": "",
            "source": "./website/vendor/bootstrap/css/bootstrap-reboot.min.css",
            "storage_class": "STANDARD",
            "tags": {},
            "version_id": "",
            "website_redirect": ""
          },
          "private": "bnVsbA==",
          "depends_on": [
            "aws_s3_bucket.main"
          ]
        },
        {
          "index_key": "vendor/bootstrap/css/bootstrap-reboot.min.css.map",
          "schema_version": 0,
          "attributes": {
            "acl": "public-read",
            "bucket": "terraformjanswebsite",
            "cache_control": "",
            "content": null,
            "content_base64": null,
            "content_disposition": "",
            "content_encoding": "",
            "content_language": "",
            "content_type": "binary/octet-stream",
            "etag": "f6c26739b46618e17935caabd55120fd",
            "force_destroy": false,
            "id": "vendor/bootstrap/css/bootstrap-reboot.min.css.map",
            "key": "vendor/bootstrap/css/bootstrap-reboot.min.css.map",
            "kms_key_id": null,
            "metadata": {},
            "object_lock_legal_hold_status": "",
            "object_lock_mode": "",
            "object_lock_retain_until_date": "",
            "server_side_encryption": "",
            "source": "./website/vendor/bootstrap/css/bootstrap-reboot.min.css.map",
            "storage_class": "STANDARD",
            "tags": {},
            "version_id": "",
            "website_redirect": ""
          },
          "private": "bnVsbA==",
          "depends_on": [
            "aws_s3_bucket.main"
          ]
        },
        {
          "index_key": "vendor/bootstrap/css/bootstrap.css",
          "schema_version": 0,
          "attributes": {
            "acl": "public-read",
            "bucket": "terraformjanswebsite",
            "cache_control": "",
            "content": null,
            "content_base64": null,
            "content_disposition": "",
            "content_encoding": "",
            "content_language": "",
            "content_type": "text/css",
            "etag": "afee1b42daf24661c41bba459186987c",
            "force_destroy": false,
            "id": "vendor/bootstrap/css/bootstrap.css",
            "key": "vendor/bootstrap/css/bootstrap.css",
            "kms_key_id": null,
            "metadata": {},
            "object_lock_legal_hold_status": "",
            "object_lock_mode": "",
            "object_lock_retain_until_date": "",
            "server_side_encryption": "",
            "source": "./website/vendor/bootstrap/css/bootstrap.css",
            "storage_class": "STANDARD",
            "tags": {},
            "version_id": "",
            "website_redirect": ""
          },
          "private": "bnVsbA==",
          "depends_on": [
            "aws_s3_bucket.main"
          ]
        },
        {
          "index_key": "vendor/bootstrap/css/bootstrap.css.map",
          "schema_version": 0,
          "attributes": {
            "acl": "public-read",
            "bucket": "terraformjanswebsite",
            "cache_control": "",
            "content": null,
            "content_base64": null,
            "content_disposition": "",
            "content_encoding": "",
            "content_language": "",
            "content_type": "binary/octet-stream",
            "etag": "0df0f86ed6e6f696a3eb8d73e3e288ac",
            "force_destroy": false,
            "id": "vendor/bootstrap/css/bootstrap.css.map",
            "key": "vendor/bootstrap/css/bootstrap.css.map",
            "kms_key_id": null,
            "metadata": {},
            "object_lock_legal_hold_status": "",
            "object_lock_mode": "",
            "object_lock_retain_until_date": "",
            "server_side_encryption": "",
            "source": "./website/vendor/bootstrap/css/bootstrap.css.map",
            "storage_class": "STANDARD",
            "tags": {},
            "version_id": "",
            "website_redirect": ""
          },
          "private": "bnVsbA==",
          "depends_on": [
            "aws_s3_bucket.main"
          ]
        },
        {
          "index_key": "vendor/bootstrap/css/bootstrap.min.css",
          "schema_version": 0,
          "attributes": {
            "acl": "public-read",
            "bucket": "terraformjanswebsite",
            "cache_control": "",
            "content": null,
            "content_base64": null,
            "content_disposition": "",
            "content_encoding": "",
            "content_language": "",
            "content_type": "text/css",
            "etag": "3ffbab350748e841d3768b5d1ca48933",
            "force_destroy": false,
            "id": "vendor/bootstrap/css/bootstrap.min.css",
            "key": "vendor/bootstrap/css/bootstrap.min.css",
            "kms_key_id": null,
            "metadata": {},
            "object_lock_legal_hold_status": "",
            "object_lock_mode": "",
            "object_lock_retain_until_date": "",
            "server_side_encryption": "",
            "source": "./website/vendor/bootstrap/css/bootstrap.min.css",
            "storage_class": "STANDARD",
            "tags": {},
            "version_id": "",
            "website_redirect": ""
          },
          "private": "bnVsbA==",
          "depends_on": [
            "aws_s3_bucket.main"
          ]
        },
        {
          "index_key": "vendor/bootstrap/css/bootstrap.min.css.map",
          "schema_version": 0,
          "attributes": {
            "acl": "public-read",
            "bucket": "terraformjanswebsite",
            "cache_control": "",
            "content": null,
            "content_base64": null,
            "content_disposition": "",
            "content_encoding": "",
            "content_language": "",
            "content_type": "binary/octet-stream",
            "etag": "7b85d321f58595292748a2224b28c030",
            "force_destroy": false,
            "id": "vendor/bootstrap/css/bootstrap.min.css.map",
            "key": "vendor/bootstrap/css/bootstrap.min.css.map",
            "kms_key_id": null,
            "metadata": {},
            "object_lock_legal_hold_status": "",
            "object_lock_mode": "",
            "object_lock_retain_until_date": "",
            "server_side_encryption": "",
            "source": "./website/vendor/bootstrap/css/bootstrap.min.css.map",
            "storage_class": "STANDARD",
            "tags": {},
            "version_id": "",
            "website_redirect": ""
          },
          "private": "bnVsbA==",
          "depends_on": [
            "aws_s3_bucket.main"
          ]
        },
        {
          "index_key": "vendor/bootstrap/js/bootstrap.js",
          "schema_version": 0,
          "attributes": {
            "acl": "public-read",
            "bucket": "terraformjanswebsite",
            "cache_control": "",
            "content": null,
            "content_base64": null,
            "content_disposition": "",
            "content_encoding": "",
            "content_language": "",
            "content_type": "application/javascript",
            "etag": "23a49d81e87ad811700e6db0ac345242",
            "force_destroy": false,
            "id": "vendor/bootstrap/js/bootstrap.js",
            "key": "vendor/bootstrap/js/bootstrap.js",
            "kms_key_id": null,
            "metadata": {},
            "object_lock_legal_hold_status": "",
            "object_lock_mode": "",
            "object_lock_retain_until_date": "",
            "server_side_encryption": "",
            "source": "./website/vendor/bootstrap/js/bootstrap.js",
            "storage_class": "STANDARD",
            "tags": {},
            "version_id": "",
            "website_redirect": ""
          },
          "private": "bnVsbA==",
          "depends_on": [
            "aws_s3_bucket.main"
          ]
        },
        {
          "index_key": "vendor/bootstrap/js/bootstrap.min.js",
          "schema_version": 0,
          "attributes": {
            "acl": "public-read",
            "bucket": "terraformjanswebsite",
            "cache_control": "",
            "content": null,
            "content_base64": null,
            "content_disposition": "",
            "content_encoding": "",
            "content_language": "",
            "content_type": "application/javascript",
            "etag": "baaadea4492b059f284187d75af46063",
            "force_destroy": false,
            "id": "vendor/bootstrap/js/bootstrap.min.js",
            "key": "vendor/bootstrap/js/bootstrap.min.js",
            "kms_key_id": null,
            "metadata": {},
            "object_lock_legal_hold_status": "",
            "object_lock_mode": "",
            "object_lock_retain_until_date": "",
            "server_side_encryption": "",
            "source": "./website/vendor/bootstrap/js/bootstrap.min.js",
            "storage_class": "STANDARD",
            "tags": {},
            "version_id": "",
            "website_redirect": ""
          },
          "private": "bnVsbA==",
          "depends_on": [
            "aws_s3_bucket.main"
          ]
        },
        {
          "index_key": "vendor/bootstrap/js/popper.js",
          "schema_version": 0,
          "attributes": {
            "acl": "public-read",
            "bucket": "terraformjanswebsite",
            "cache_control": "",
            "content": null,
            "content_base64": null,
            "content_disposition": "",
            "content_encoding": "",
            "content_language": "",
            "content_type": "application/javascript",
            "etag": "426ce17eeabd071e85b0bb50e5a18c6c",
            "force_destroy": false,
            "id": "vendor/bootstrap/js/popper.js",
            "key": "vendor/bootstrap/js/popper.js",
            "kms_key_id": null,
            "metadata": {},
            "object_lock_legal_hold_status": "",
            "object_lock_mode": "",
            "object_lock_retain_until_date": "",
            "server_side_encryption": "",
            "source": "./website/vendor/bootstrap/js/popper.js",
            "storage_class": "STANDARD",
            "tags": {},
            "version_id": "",
            "website_redirect": ""
          },
          "private": "bnVsbA==",
          "depends_on": [
            "aws_s3_bucket.main"
          ]
        },
        {
          "index_key": "vendor/bootstrap/js/popper.min.js",
          "schema_version": 0,
          "attributes": {
            "acl": "public-read",
            "bucket": "terraformjanswebsite",
            "cache_control": "",
            "content": null,
            "content_base64": null,
            "content_disposition": "",
            "content_encoding": "",
            "content_language": "",
            "content_type": "application/javascript",
            "etag": "6383a57baa1479e8490a42f4184b7f0b",
            "force_destroy": false,
            "id": "vendor/bootstrap/js/popper.min.js",
            "key": "vendor/bootstrap/js/popper.min.js",
            "kms_key_id": null,
            "metadata": {},
            "object_lock_legal_hold_status": "",
            "object_lock_mode": "",
            "object_lock_retain_until_date": "",
            "server_side_encryption": "",
            "source": "./website/vendor/bootstrap/js/popper.min.js",
            "storage_class": "STANDARD",
            "tags": {},
            "version_id": "",
            "website_redirect": ""
          },
          "private": "bnVsbA==",
          "depends_on": [
            "aws_s3_bucket.main"
          ]
        },
        {
          "index_key": "vendor/bootstrap/js/tooltip.js",
          "schema_version": 0,
          "attributes": {
            "acl": "public-read",
            "bucket": "terraformjanswebsite",
            "cache_control": "",
            "content": null,
            "content_base64": null,
            "content_disposition": "",
            "content_encoding": "",
            "content_language": "",
            "content_type": "application/javascript",
            "etag": "f50cb312c61315121861ecab589a6c61",
            "force_destroy": false,
            "id": "vendor/bootstrap/js/tooltip.js",
            "key": "vendor/bootstrap/js/tooltip.js",
            "kms_key_id": null,
            "metadata": {},
            "object_lock_legal_hold_status": "",
            "object_lock_mode": "",
            "object_lock_retain_until_date": "",
            "server_side_encryption": "",
            "source": "./website/vendor/bootstrap/js/tooltip.js",
            "storage_class": "STANDARD",
            "tags": {},
            "version_id": "",
            "website_redirect": ""
          },
          "private": "bnVsbA==",
          "depends_on": [
            "aws_s3_bucket.main"
          ]
        },
        {
          "index_key": "vendor/countdowntime/countdowntime.js",
          "schema_version": 0,
          "attributes": {
            "acl": "public-read",
            "bucket": "terraformjanswebsite",
            "cache_control": "",
            "content": null,
            "content_base64": null,
            "content_disposition": "",
            "content_encoding": "",
            "content_language": "",
            "content_type": "application/javascript",
            "etag": "9f7c1f781d72385623259882bbfcf6c2",
            "force_destroy": false,
            "id": "vendor/countdowntime/countdowntime.js",
            "key": "vendor/countdowntime/countdowntime.js",
            "kms_key_id": null,
            "metadata": {},
            "object_lock_legal_hold_status": "",
            "object_lock_mode": "",
            "object_lock_retain_until_date": "",
            "server_side_encryption": "",
            "source": "./website/vendor/countdowntime/countdowntime.js",
            "storage_class": "STANDARD",
            "tags": {},
            "version_id": "",
            "website_redirect": ""
          },
          "private": "bnVsbA==",
          "depends_on": [
            "aws_s3_bucket.main"
          ]
        },
        {
          "index_key": "vendor/countdowntime/moment-timezone-with-data.min.js",
          "schema_version": 0,
          "attributes": {
            "acl": "public-read",
            "bucket": "terraformjanswebsite",
            "cache_control": "",
            "content": null,
            "content_base64": null,
            "content_disposition": "",
            "content_encoding": "",
            "content_language": "",
            "content_type": "application/javascript",
            "etag": "e151e6df5d3a88137025e187789d6dec",
            "force_destroy": false,
            "id": "vendor/countdowntime/moment-timezone-with-data.min.js",
            "key": "vendor/countdowntime/moment-timezone-with-data.min.js",
            "kms_key_id": null,
            "metadata": {},
            "object_lock_legal_hold_status": "",
            "object_lock_mode": "",
            "object_lock_retain_until_date": "",
            "server_side_encryption": "",
            "source": "./website/vendor/countdowntime/moment-timezone-with-data.min.js",
            "storage_class": "STANDARD",
            "tags": {},
            "version_id": "",
            "website_redirect": ""
          },
          "private": "bnVsbA==",
          "depends_on": [
            "aws_s3_bucket.main"
          ]
        },
        {
          "index_key": "vendor/countdowntime/moment-timezone.min.js",
          "schema_version": 0,
          "attributes": {
            "acl": "public-read",
            "bucket": "terraformjanswebsite",
            "cache_control": "",
            "content": null,
            "content_base64": null,
            "content_disposition": "",
            "content_encoding": "",
            "content_language": "",
            "content_type": "application/javascript",
            "etag": "815209b1a2020b5cf4ed070ef41a6540",
            "force_destroy": false,
            "id": "vendor/countdowntime/moment-timezone.min.js",
            "key": "vendor/countdowntime/moment-timezone.min.js",
            "kms_key_id": null,
            "metadata": {},
            "object_lock_legal_hold_status": "",
            "object_lock_mode": "",
            "object_lock_retain_until_date": "",
            "server_side_encryption": "",
            "source": "./website/vendor/countdowntime/moment-timezone.min.js",
            "storage_class": "STANDARD",
            "tags": {},
            "version_id": "",
            "website_redirect": ""
          },
          "private": "bnVsbA==",
          "depends_on": [
            "aws_s3_bucket.main"
          ]
        },
        {
          "index_key": "vendor/countdowntime/moment.min.js",
          "schema_version": 0,
          "attributes": {
            "acl": "public-read",
            "bucket": "terraformjanswebsite",
            "cache_control": "",
            "content": null,
            "content_base64": null,
            "content_disposition": "",
            "content_encoding": "",
            "content_language": "",
            "content_type": "application/javascript",
            "etag": "5ff1de69e6fd137a6dd511205ea7c49e",
            "force_destroy": false,
            "id": "vendor/countdowntime/moment.min.js",
            "key": "vendor/countdowntime/moment.min.js",
            "kms_key_id": null,
            "metadata": {},
            "object_lock_legal_hold_status": "",
            "object_lock_mode": "",
            "object_lock_retain_until_date": "",
            "server_side_encryption": "",
            "source": "./website/vendor/countdowntime/moment.min.js",
            "storage_class": "STANDARD",
            "tags": {},
            "version_id": "",
            "website_redirect": ""
          },
          "private": "bnVsbA==",
          "depends_on": [
            "aws_s3_bucket.main"
          ]
        },
        {
          "index_key": "vendor/jquery/jquery-3.2.1.min.js",
          "schema_version": 0,
          "attributes": {
            "acl": "public-read",
            "bucket": "terraformjanswebsite",
            "cache_control": "",
            "content": null,
            "content_base64": null,
            "content_disposition": "",
            "content_encoding": "",
            "content_language": "",
            "content_type": "application/javascript",
            "etag": "c9f5aeeca3ad37bf2aa006139b935f0a",
            "force_destroy": false,
            "id": "vendor/jquery/jquery-3.2.1.min.js",
            "key": "vendor/jquery/jquery-3.2.1.min.js",
            "kms_key_id": null,
            "metadata": {},
            "object_lock_legal_hold_status": "",
            "object_lock_mode": "",
            "object_lock_retain_until_date": "",
            "server_side_encryption": "",
            "source": "./website/vendor/jquery/jquery-3.2.1.min.js",
            "storage_class": "STANDARD",
            "tags": {},
            "version_id": "",
            "website_redirect": ""
          },
          "private": "bnVsbA==",
          "depends_on": [
            "aws_s3_bucket.main"
          ]
        },
        {
          "index_key": "vendor/select2/select2.css",
          "schema_version": 0,
          "attributes": {
            "acl": "public-read",
            "bucket": "terraformjanswebsite",
            "cache_control": "",
            "content": null,
            "content_base64": null,
            "content_disposition": "",
            "content_encoding": "",
            "content_language": "",
            "content_type": "text/css",
            "etag": "475b9ecdf92d2f48642665a34c563048",
            "force_destroy": false,
            "id": "vendor/select2/select2.css",
            "key": "vendor/select2/select2.css",
            "kms_key_id": null,
            "metadata": {},
            "object_lock_legal_hold_status": "",
            "object_lock_mode": "",
            "object_lock_retain_until_date": "",
            "server_side_encryption": "",
            "source": "./website/vendor/select2/select2.css",
            "storage_class": "STANDARD",
            "tags": {},
            "version_id": "",
            "website_redirect": ""
          },
          "private": "bnVsbA==",
          "depends_on": [
            "aws_s3_bucket.main"
          ]
        },
        {
          "index_key": "vendor/select2/select2.js",
          "schema_version": 0,
          "attributes": {
            "acl": "public-read",
            "bucket": "terraformjanswebsite",
            "cache_control": "",
            "content": null,
            "content_base64": null,
            "content_disposition": "",
            "content_encoding": "",
            "content_language": "",
            "content_type": "application/javascript",
            "etag": "5a192f8c7d95cefb13504e0d27c351e6",
            "force_destroy": false,
            "id": "vendor/select2/select2.js",
            "key": "vendor/select2/select2.js",
            "kms_key_id": null,
            "metadata": {},
            "object_lock_legal_hold_status": "",
            "object_lock_mode": "",
            "object_lock_retain_until_date": "",
            "server_side_encryption": "",
            "source": "./website/vendor/select2/select2.js",
            "storage_class": "STANDARD",
            "tags": {},
            "version_id": "",
            "website_redirect": ""
          },
          "private": "bnVsbA==",
          "depends_on": [
            "aws_s3_bucket.main"
          ]
        },
        {
          "index_key": "vendor/select2/select2.min.css",
          "schema_version": 0,
          "attributes": {
            "acl": "public-read",
            "bucket": "terraformjanswebsite",
            "cache_control": "",
            "content": null,
            "content_base64": null,
            "content_disposition": "",
            "content_encoding": "",
            "content_language": "",
            "content_type": "text/css",
            "etag": "d44571114a90b9226cd654d3c7d9442c",
            "force_destroy": false,
            "id": "vendor/select2/select2.min.css",
            "key": "vendor/select2/select2.min.css",
            "kms_key_id": null,
            "metadata": {},
            "object_lock_legal_hold_status": "",
            "object_lock_mode": "",
            "object_lock_retain_until_date": "",
            "server_side_encryption": "",
            "source": "./website/vendor/select2/select2.min.css",
            "storage_class": "STANDARD",
            "tags": {},
            "version_id": "",
            "website_redirect": ""
          },
          "private": "bnVsbA==",
          "depends_on": [
            "aws_s3_bucket.main"
          ]
        },
        {
          "index_key": "vendor/select2/select2.min.js",
          "schema_version": 0,
          "attributes": {
            "acl": "public-read",
            "bucket": "terraformjanswebsite",
            "cache_control": "",
            "content": null,
            "content_base64": null,
            "content_disposition": "",
            "content_encoding": "",
            "content_language": "",
            "content_type": "application/javascript",
            "etag": "e87ca4c3554f7b9e693605ce12d3a234",
            "force_destroy": false,
            "id": "vendor/select2/select2.min.js",
            "key": "vendor/select2/select2.min.js",
            "kms_key_id": null,
            "metadata": {},
            "object_lock_legal_hold_status": "",
            "object_lock_mode": "",
            "object_lock_retain_until_date": "",
            "server_side_encryption": "",
            "source": "./website/vendor/select2/select2.min.js",
            "storage_class": "STANDARD",
            "tags": {},
            "version_id": "",
            "website_redirect": ""
          },
          "private": "bnVsbA==",
          "depends_on": [
            "aws_s3_bucket.main"
          ]
        },
        {
          "index_key": "vendor/tilt/tilt.jquery.min.js",
          "schema_version": 0,
          "attributes": {
            "acl": "public-read",
            "bucket": "terraformjanswebsite",
            "cache_control": "",
            "content": null,
            "content_base64": null,
            "content_disposition": "",
            "content_encoding": "",
            "content_language": "",
            "content_type": "application/javascript",
            "etag": "034d38aaa44f4ac1723c041d215eb146",
            "force_destroy": false,
            "id": "vendor/tilt/tilt.jquery.min.js",
            "key": "vendor/tilt/tilt.jquery.min.js",
            "kms_key_id": null,
            "metadata": {},
            "object_lock_legal_hold_status": "",
            "object_lock_mode": "",
            "object_lock_retain_until_date": "",
            "server_side_encryption": "",
            "source": "./website/vendor/tilt/tilt.jquery.min.js",
            "storage_class": "STANDARD",
            "tags": {},
            "version_id": "",
            "website_redirect": ""
          },
          "private": "bnVsbA==",
          "depends_on": [
            "aws_s3_bucket.main"
          ]
        }
      ]
    }
  ]
}
