{
  "version": 4,
  "terraform_version": "0.12.13",
  "serial": 27,
  "lineage": "55d67817-11c0-e6fe-d55c-1c5874c924fb",
  "outputs": {},
  "resources": [
    {
      "mode": "managed",
      "type": "aws_iam_user",
      "name": "myusers",
      "each": "map",
      "provider": "provider.aws",
      "instances": [
        {
          "index_key": "Boleslav",
          "schema_version": 0,
          "attributes": {
            "arn": "arn:aws:iam::143963637099:user/Boleslav",
            "force_destroy": false,
            "id": "Boleslav",
            "name": "Boleslav",
            "path": "/",
            "permissions_boundary": null,
            "tags": {
              "purpose": "Jan terraform training course"
            },
            "unique_id": "AIDASDBHGYVV3UAAS4PDS"
          },
          "private": "bnVsbA=="
        },
        {
          "index_key": "Johanes",
          "schema_version": 0,
          "attributes": {
            "arn": "arn:aws:iam::143963637099:user/Johanes",
            "force_destroy": false,
            "id": "Johanes",
            "name": "Johanes",
            "path": "/",
            "permissions_boundary": null,
            "tags": {
              "purpose": "Jan terraform training course"
            },
            "unique_id": "AIDASDBHGYVV3F6DUTMCX"
          },
          "private": "bnVsbA=="
        }
      ]
    }
  ]
}
